// !$*UTF8*$!
{
	archiveVersion = 1;
	classes = {
	};
	objectVersion = 60;
	objects = {

/* Begin PBXBuildFile section */
		00000000000000000000001F /* MaestroFelix/Resources/Assets.xcassets in Resources */ = {isa = PBXBuildFile; fileRef = 00000000000000000000001E /* MaestroFelix/Resources/Assets.xcassets */; };
		0000000000000000000000C8 /* MaestroFelix/App/MaestroFelixApp.swift in Sources */ = {isa = PBXBuildFile; fileRef = 000000000000000000000064 /* MaestroFelix/App/MaestroFelixApp.swift */; };
		0000000000000000000000C9 /* MaestroFelix/Data/ProfileStore.swift in Sources */ = {isa = PBXBuildFile; fileRef = 000000000000000000000065 /* MaestroFelix/Data/ProfileStore.swift */; };
		0000000000000000000000CA /* MaestroFelix/DesignSystem/FelixTheme.swift in Sources */ = {isa = PBXBuildFile; fileRef = 000000000000000000000066 /* MaestroFelix/DesignSystem/FelixTheme.swift */; };
		0000000000000000000000CB /* MaestroFelix/Domain/OnboardingProfile.swift in Sources */ = {isa = PBXBuildFile; fileRef = 000000000000000000000067 /* MaestroFelix/Domain/OnboardingProfile.swift */; };
		0000000000000000000000CC /* MaestroFelix/Features/Onboarding/OnboardingRootView.swift in Sources */ = {isa = PBXBuildFile; fileRef = 000000000000000000000068 /* MaestroFelix/Features/Onboarding/OnboardingRootView.swift */; };
		000000000000000000000191 /* MaestroFelix/Domain/ProfileRepository.swift in Sources */ = {isa = PBXBuildFile; fileRef = 000000000000000000000190 /* MaestroFelix/Domain/ProfileRepository.swift */; };
		000000000000000000000193 /* MaestroFelix/Features/Onboarding/OnboardingModel.swift in Sources */ = {isa = PBXBuildFile; fileRef = 000000000000000000000192 /* MaestroFelix/Features/Onboarding/OnboardingModel.swift */; };
		000000000000000000000195 /* MaestroFelix/DesignSystem/FelixControls.swift in Sources */ = {isa = PBXBuildFile; fileRef = 000000000000000000000194 /* MaestroFelix/DesignSystem/FelixControls.swift */; };
		000000000000000000000197 /* MaestroFelix/Features/Profile/ProfileSummaryViews.swift in Sources */ = {isa = PBXBuildFile; fileRef = 000000000000000000000196 /* MaestroFelix/Features/Profile/ProfileSummaryViews.swift */; };
		000000000000000000000199 /* MaestroFelix/Features/Onboarding/BodyMap.swift in Sources */ = {isa = PBXBuildFile; fileRef = 000000000000000000000198 /* MaestroFelix/Features/Onboarding/BodyMap.swift */; };
		00000000000000000000019B /* MaestroFelix/Features/Onboarding/LimitationsStep.swift in Sources */ = {isa = PBXBuildFile; fileRef = 00000000000000000000019A /* MaestroFelix/Features/Onboarding/LimitationsStep.swift */; };
		00000000000000000000019D /* MaestroFelix/Features/Onboarding/ScheduleStep.swift in Sources */ = {isa = PBXBuildFile; fileRef = 00000000000000000000019C /* MaestroFelix/Features/Onboarding/ScheduleStep.swift */; };
		00000000000000000000019F /* MaestroFelix/Features/Onboarding/BodyFigure.swift in Sources */ = {isa = PBXBuildFile; fileRef = 00000000000000000000019E /* MaestroFelix/Features/Onboarding/BodyFigure.swift */; };
		0000000000000000000001A1 /* MaestroFelix/Features/Onboarding/BodyScanStage.swift in Sources */ = {isa = PBXBuildFile; fileRef = 0000000000000000000001A0 /* MaestroFelix/Features/Onboarding/BodyScanStage.swift */; };
		0000000000000000000001A3 /* MaestroFelix/Features/Onboarding/OnboardingIntro.swift in Sources */ = {isa = PBXBuildFile; fileRef = 0000000000000000000001A2 /* MaestroFelix/Features/Onboarding/OnboardingIntro.swift */; };
		0000000000000000000001A5 /* MaestroFelix/Features/Onboarding/CharacterSelect.swift in Sources */ = {isa = PBXBuildFile; fileRef = 0000000000000000000001A4 /* MaestroFelix/Features/Onboarding/CharacterSelect.swift */; };
		0000000000000000000001A7 /* MaestroFelix/Features/Onboarding/GoalCarousel.swift in Sources */ = {isa = PBXBuildFile; fileRef = 0000000000000000000001A6 /* MaestroFelix/Features/Onboarding/GoalCarousel.swift */; };
		0000000000000000000001AB /* MaestroFelix/Features/Onboarding/BodyArt.swift in Sources */ = {isa = PBXBuildFile; fileRef = 0000000000000000000001AA /* MaestroFelix/Features/Onboarding/BodyArt.swift */; };
		0000000000000000000001AD /* MaestroFelix/Features/Onboarding/NeuralCore.swift in Sources */ = {isa = PBXBuildFile; fileRef = 0000000000000000000001AC /* MaestroFelix/Features/Onboarding/NeuralCore.swift */; };
		0000000000000000000001AF /* MaestroFelix/Features/Onboarding/OnboardingStepper.swift in Sources */ = {isa = PBXBuildFile; fileRef = 0000000000000000000001AE /* MaestroFelix/Features/Onboarding/OnboardingStepper.swift */; };
		0000000000000000000001B1 /* MaestroFelix/DesignSystem/FelixMotion.swift in Sources */ = {isa = PBXBuildFile; fileRef = 0000000000000000000001B0 /* MaestroFelix/DesignSystem/FelixMotion.swift */; };
		0000000000000000000001B3 /* MaestroFelix/Features/Onboarding/LevelMascot.swift in Sources */ = {isa = PBXBuildFile; fileRef = 0000000000000000000001B2 /* MaestroFelix/Features/Onboarding/LevelMascot.swift */; };
		0000000000000000000001B5 /* MaestroFelix/Domain/Workout.swift in Sources */ = {isa = PBXBuildFile; fileRef = 0000000000000000000001B4 /* MaestroFelix/Domain/Workout.swift */; };
		0000000000000000000001B7 /* MaestroFelix/Domain/WorkoutPlanner.swift in Sources */ = {isa = PBXBuildFile; fileRef = 0000000000000000000001B6 /* MaestroFelix/Domain/WorkoutPlanner.swift */; };
		0000000000000000000001B9 /* MaestroFelix/Features/Workout/WorkoutModel.swift in Sources */ = {isa = PBXBuildFile; fileRef = 0000000000000000000001B8 /* MaestroFelix/Features/Workout/WorkoutModel.swift */; };
		0000000000000000000001BB /* MaestroFelix/Features/Workout/ExerciseRunnerView.swift in Sources */ = {isa = PBXBuildFile; fileRef = 0000000000000000000001BA /* MaestroFelix/Features/Workout/ExerciseRunnerView.swift */; };
		0000000000000000000001BD /* MaestroFelix/Features/Workout/WorkoutSessionView.swift in Sources */ = {isa = PBXBuildFile; fileRef = 0000000000000000000001BC /* MaestroFelix/Features/Workout/WorkoutSessionView.swift */; };
		000000000000000000000401 /* MaestroFelix/Domain/BodyWeight.swift in Sources */ = {isa = PBXBuildFile; fileRef = 000000000000000000000400 /* MaestroFelix/Domain/BodyWeight.swift */; };
		000000000000000000000403 /* MaestroFelix/Domain/Coach.swift in Sources */ = {isa = PBXBuildFile; fileRef = 000000000000000000000402 /* MaestroFelix/Domain/Coach.swift */; };
		000000000000000000000405 /* MaestroFelix/Domain/DayKey.swift in Sources */ = {isa = PBXBuildFile; fileRef = 000000000000000000000404 /* MaestroFelix/Domain/DayKey.swift */; };
		000000000000000000000407 /* MaestroFelix/Domain/DocumentStore.swift in Sources */ = {isa = PBXBuildFile; fileRef = 000000000000000000000406 /* MaestroFelix/Domain/DocumentStore.swift */; };
		000000000000000000000409 /* MaestroFelix/Domain/ExerciseInfo.swift in Sources */ = {isa = PBXBuildFile; fileRef = 000000000000000000000408 /* MaestroFelix/Domain/ExerciseInfo.swift */; };
		00000000000000000000040B /* MaestroFelix/Domain/Progress.swift in Sources */ = {isa = PBXBuildFile; fileRef = 00000000000000000000040A /* MaestroFelix/Domain/Progress.swift */; };
		00000000000000000000040D /* MaestroFelix/Domain/Reminders.swift in Sources */ = {isa = PBXBuildFile; fileRef = 00000000000000000000040C /* MaestroFelix/Domain/Reminders.swift */; };
		00000000000000000000040F /* MaestroFelix/Domain/Schedule.swift in Sources */ = {isa = PBXBuildFile; fileRef = 00000000000000000000040E /* MaestroFelix/Domain/Schedule.swift */; };
		000000000000000000000411 /* MaestroFelix/Domain/TrainingCalendar.swift in Sources */ = {isa = PBXBuildFile; fileRef = 000000000000000000000410 /* MaestroFelix/Domain/TrainingCalendar.swift */; };
		000000000000000000000413 /* MaestroFelixTests/CoachTests.swift in Sources */ = {isa = PBXBuildFile; fileRef = 000000000000000000000412 /* MaestroFelixTests/CoachTests.swift */; };
		000000000000000000000415 /* MaestroFelixTests/DayKeyTests.swift in Sources */ = {isa = PBXBuildFile; fileRef = 000000000000000000000414 /* MaestroFelixTests/DayKeyTests.swift */; };
		000000000000000000000417 /* MaestroFelixTests/ProgressTests.swift in Sources */ = {isa = PBXBuildFile; fileRef = 000000000000000000000416 /* MaestroFelixTests/ProgressTests.swift */; };
		000000000000000000000419 /* MaestroFelixTests/ReminderTests.swift in Sources */ = {isa = PBXBuildFile; fileRef = 000000000000000000000418 /* MaestroFelixTests/ReminderTests.swift */; };
		00000000000000000000041B /* MaestroFelixTests/ScheduleTests.swift in Sources */ = {isa = PBXBuildFile; fileRef = 00000000000000000000041A /* MaestroFelixTests/ScheduleTests.swift */; };
		00000000000000000000041D /* MaestroFelixTests/TestSupport.swift in Sources */ = {isa = PBXBuildFile; fileRef = 00000000000000000000041C /* MaestroFelixTests/TestSupport.swift */; };
		00000000000000000000041F /* MaestroFelixTests/WorkoutDomainTests.swift in Sources */ = {isa = PBXBuildFile; fileRef = 00000000000000000000041E /* MaestroFelixTests/WorkoutDomainTests.swift */; };
		000000000000000000000421 /* MaestroFelix/App/AppDelegate.swift in Sources */ = {isa = PBXBuildFile; fileRef = 000000000000000000000420 /* MaestroFelix/App/AppDelegate.swift */; };
		000000000000000000000423 /* MaestroFelix/Data/NotificationScheduler.swift in Sources */ = {isa = PBXBuildFile; fileRef = 000000000000000000000422 /* MaestroFelix/Data/NotificationScheduler.swift */; };
		000000000000000000000425 /* MaestroFelix/DesignSystem/FelixComponents.swift in Sources */ = {isa = PBXBuildFile; fileRef = 000000000000000000000424 /* MaestroFelix/DesignSystem/FelixComponents.swift */; };
		000000000000000000000427 /* MaestroFelix/Features/App/AppCoordinator.swift in Sources */ = {isa = PBXBuildFile; fileRef = 000000000000000000000426 /* MaestroFelix/Features/App/AppCoordinator.swift */; };
		000000000000000000000429 /* MaestroFelix/Features/App/CoachModel.swift in Sources */ = {isa = PBXBuildFile; fileRef = 000000000000000000000428 /* MaestroFelix/Features/App/CoachModel.swift */; };
		00000000000000000000042B /* MaestroFelix/Features/App/MainTabView.swift in Sources */ = {isa = PBXBuildFile; fileRef = 00000000000000000000042A /* MaestroFelix/Features/App/MainTabView.swift */; };
		00000000000000000000042D /* MaestroFelix/Features/App/ProgressModel.swift in Sources */ = {isa = PBXBuildFile; fileRef = 00000000000000000000042C /* MaestroFelix/Features/App/ProgressModel.swift */; };
		00000000000000000000042F /* MaestroFelix/Features/App/RemindersModel.swift in Sources */ = {isa = PBXBuildFile; fileRef = 00000000000000000000042E /* MaestroFelix/Features/App/RemindersModel.swift */; };
		000000000000000000000431 /* MaestroFelix/Features/App/ScheduleModel.swift in Sources */ = {isa = PBXBuildFile; fileRef = 000000000000000000000430 /* MaestroFelix/Features/App/ScheduleModel.swift */; };
		000000000000000000000433 /* MaestroFelix/Features/App/WeightModel.swift in Sources */ = {isa = PBXBuildFile; fileRef = 000000000000000000000432 /* MaestroFelix/Features/App/WeightModel.swift */; };
		000000000000000000000435 /* MaestroFelix/Features/Plan/PlanScreen.swift in Sources */ = {isa = PBXBuildFile; fileRef = 000000000000000000000434 /* MaestroFelix/Features/Plan/PlanScreen.swift */; };
		000000000000000000000437 /* MaestroFelix/Features/Plan/ScheduleSheets.swift in Sources */ = {isa = PBXBuildFile; fileRef = 000000000000000000000436 /* MaestroFelix/Features/Plan/ScheduleSheets.swift */; };
		000000000000000000000439 /* MaestroFelix/Features/Plan/SessionDetailView.swift in Sources */ = {isa = PBXBuildFile; fileRef = 000000000000000000000438 /* MaestroFelix/Features/Plan/SessionDetailView.swift */; };
		00000000000000000000043B /* MaestroFelix/Features/Profile/CoachPickerView.swift in Sources */ = {isa = PBXBuildFile; fileRef = 00000000000000000000043A /* MaestroFelix/Features/Profile/CoachPickerView.swift */; };
		00000000000000000000043D /* MaestroFelix/Features/Profile/DataSettingsView.swift in Sources */ = {isa = PBXBuildFile; fileRef = 00000000000000000000043C /* MaestroFelix/Features/Profile/DataSettingsView.swift */; };
		00000000000000000000043F /* MaestroFelix/Features/Profile/ProfileScreen.swift in Sources */ = {isa = PBXBuildFile; fileRef = 00000000000000000000043E /* MaestroFelix/Features/Profile/ProfileScreen.swift */; };
		000000000000000000000441 /* MaestroFelix/Features/Profile/RemindersSettingsView.swift in Sources */ = {isa = PBXBuildFile; fileRef = 000000000000000000000440 /* MaestroFelix/Features/Profile/RemindersSettingsView.swift */; };
		000000000000000000000443 /* MaestroFelix/Features/Progress/HistoryViews.swift in Sources */ = {isa = PBXBuildFile; fileRef = 000000000000000000000442 /* MaestroFelix/Features/Progress/HistoryViews.swift */; };
		000000000000000000000445 /* MaestroFelix/Features/Progress/ProgressScreen.swift in Sources */ = {isa = PBXBuildFile; fileRef = 000000000000000000000444 /* MaestroFelix/Features/Progress/ProgressScreen.swift */; };
		000000000000000000000447 /* MaestroFelix/Features/Progress/WeightViews.swift in Sources */ = {isa = PBXBuildFile; fileRef = 000000000000000000000446 /* MaestroFelix/Features/Progress/WeightViews.swift */; };
		000000000000000000000449 /* MaestroFelix/Features/Today/CoachCard.swift in Sources */ = {isa = PBXBuildFile; fileRef = 000000000000000000000448 /* MaestroFelix/Features/Today/CoachCard.swift */; };
		00000000000000000000044B /* MaestroFelix/Features/Today/RestDayCard.swift in Sources */ = {isa = PBXBuildFile; fileRef = 00000000000000000000044A /* MaestroFelix/Features/Today/RestDayCard.swift */; };
		00000000000000000000044D /* MaestroFelix/Features/Today/TodayScreen.swift in Sources */ = {isa = PBXBuildFile; fileRef = 00000000000000000000044C /* MaestroFelix/Features/Today/TodayScreen.swift */; };
		00000000000000000000044F /* MaestroFelix/Features/Today/TodaySessionCard.swift in Sources */ = {isa = PBXBuildFile; fileRef = 00000000000000000000044E /* MaestroFelix/Features/Today/TodaySessionCard.swift */; };
		000000000000000000000451 /* MaestroFelix/Features/Today/WeekStrip.swift in Sources */ = {isa = PBXBuildFile; fileRef = 000000000000000000000450 /* MaestroFelix/Features/Today/WeekStrip.swift */; };
		000000000000000000000453 /* MaestroFelix/Features/Workout/ExerciseTechniqueSheet.swift in Sources */ = {isa = PBXBuildFile; fileRef = 000000000000000000000452 /* MaestroFelix/Features/Workout/ExerciseTechniqueSheet.swift */; };
		000000000000000000000455 /* MaestroFelix/Features/Workout/MuscleHighlightView.swift in Sources */ = {isa = PBXBuildFile; fileRef = 000000000000000000000454 /* MaestroFelix/Features/Workout/MuscleHighlightView.swift */; };
		000000000000000000000457 /* MaestroFelix/Features/Workout/SetInputCard.swift in Sources */ = {isa = PBXBuildFile; fileRef = 000000000000000000000456 /* MaestroFelix/Features/Workout/SetInputCard.swift */; };
		000000000000000000000459 /* MaestroFelix/Features/Workout/WorkoutRatingView.swift in Sources */ = {isa = PBXBuildFile; fileRef = 000000000000000000000458 /* MaestroFelix/Features/Workout/WorkoutRatingView.swift */; };
		00000000000000000000045B /* MaestroFelix/Features/Workout/WorkoutSession.swift in Sources */ = {isa = PBXBuildFile; fileRef = 00000000000000000000045A /* MaestroFelix/Features/Workout/WorkoutSession.swift */; };
		00000000000000000000045D /* MaestroFelix/Features/Workout/WorkoutSummaryView.swift in Sources */ = {isa = PBXBuildFile; fileRef = 00000000000000000000045C /* MaestroFelix/Features/Workout/WorkoutSummaryView.swift */; };
		00000000000000000000045F /* MaestroFelixTests/CoordinatorTests.swift in Sources */ = {isa = PBXBuildFile; fileRef = 00000000000000000000045E /* MaestroFelixTests/CoordinatorTests.swift */; };
		000000000000000000000461 /* MaestroFelixTests/SessionTests.swift in Sources */ = {isa = PBXBuildFile; fileRef = 000000000000000000000460 /* MaestroFelixTests/SessionTests.swift */; };
		000000000000000000000463 /* MaestroFelixTests/StoreTests.swift in Sources */ = {isa = PBXBuildFile; fileRef = 000000000000000000000462 /* MaestroFelixTests/StoreTests.swift */; };
		000000000000000000000465 /* MaestroFelixTests/TestDoubles.swift in Sources */ = {isa = PBXBuildFile; fileRef = 000000000000000000000464 /* MaestroFelixTests/TestDoubles.swift */; };
		000000000000000000000467 /* MaestroFelix/Resources/PrivacyInfo.xcprivacy in Resources */ = {isa = PBXBuildFile; fileRef = 000000000000000000000466 /* MaestroFelix/Resources/PrivacyInfo.xcprivacy */; };
		000000000000000000000469 /* MaestroFelix/DesignSystem/FelixTabBar.swift in Sources */ = {isa = PBXBuildFile; fileRef = 000000000000000000000468 /* MaestroFelix/DesignSystem/FelixTabBar.swift */; };
		00000000000000000000046B /* MaestroFelix/Domain/Records.swift in Sources */ = {isa = PBXBuildFile; fileRef = 00000000000000000000046A /* MaestroFelix/Domain/Records.swift */; };
		00000000000000000000046D /* MaestroFelixTests/RecordsTests.swift in Sources */ = {isa = PBXBuildFile; fileRef = 00000000000000000000046C /* MaestroFelixTests/RecordsTests.swift */; };
		00000000000000000000046F /* MaestroFelixTests/SetKindTests.swift in Sources */ = {isa = PBXBuildFile; fileRef = 00000000000000000000046E /* MaestroFelixTests/SetKindTests.swift */; };
		000000000000000000000471 /* MaestroFelix/Domain/WeekOverview.swift in Sources */ = {isa = PBXBuildFile; fileRef = 000000000000000000000470 /* MaestroFelix/Domain/WeekOverview.swift */; };
		000000000000000000000473 /* MaestroFelixTests/WeekOverviewTests.swift in Sources */ = {isa = PBXBuildFile; fileRef = 000000000000000000000472 /* MaestroFelixTests/WeekOverviewTests.swift */; };
		000000000000000000000475 /* MaestroFelix/Features/Plan/PlanLoadCard.swift in Sources */ = {isa = PBXBuildFile; fileRef = 000000000000000000000474 /* MaestroFelix/Features/Plan/PlanLoadCard.swift */; };
		000000000000000000000477 /* MaestroFelix/Features/Plan/PlanRestDays.swift in Sources */ = {isa = PBXBuildFile; fileRef = 000000000000000000000476 /* MaestroFelix/Features/Plan/PlanRestDays.swift */; };
		000000000000000000000479 /* MaestroFelix/Features/Plan/PlanSessionCard.swift in Sources */ = {isa = PBXBuildFile; fileRef = 000000000000000000000478 /* MaestroFelix/Features/Plan/PlanSessionCard.swift */; };
		00000000000000000000047B /* MaestroFelix/Features/Plan/PlanWeekCard.swift in Sources */ = {isa = PBXBuildFile; fileRef = 00000000000000000000047A /* MaestroFelix/Features/Plan/PlanWeekCard.swift */; };
		00000000000000000000047D /* MaestroFelix/Domain/ExerciseSwaps.swift in Sources */ = {isa = PBXBuildFile; fileRef = 00000000000000000000047C /* MaestroFelix/Domain/ExerciseSwaps.swift */; };
		00000000000000000000047F /* MaestroFelixTests/ExerciseSwapTests.swift in Sources */ = {isa = PBXBuildFile; fileRef = 00000000000000000000047E /* MaestroFelixTests/ExerciseSwapTests.swift */; };
		000000000000000000000481 /* MaestroFelix/Features/Plan/SwapExerciseSheet.swift in Sources */ = {isa = PBXBuildFile; fileRef = 000000000000000000000480 /* MaestroFelix/Features/Plan/SwapExerciseSheet.swift */; };
		000000000000000000000483 /* MaestroFelix/Features/Plan/StatusLegend.swift in Sources */ = {isa = PBXBuildFile; fileRef = 000000000000000000000482 /* MaestroFelix/Features/Plan/StatusLegend.swift */; };
		000000000000000000000485 /* MaestroFelix/Domain/LightBlocks.swift in Sources */ = {isa = PBXBuildFile; fileRef = 000000000000000000000484 /* MaestroFelix/Domain/LightBlocks.swift */; };
		000000000000000000000487 /* MaestroFelix/Domain/StrengthProgress.swift in Sources */ = {isa = PBXBuildFile; fileRef = 000000000000000000000486 /* MaestroFelix/Domain/StrengthProgress.swift */; };
		000000000000000000000489 /* MaestroFelixTests/StrengthProgressTests.swift in Sources */ = {isa = PBXBuildFile; fileRef = 000000000000000000000488 /* MaestroFelixTests/StrengthProgressTests.swift */; };
		00000000000000000000048B /* MaestroFelix/Features/Progress/StrengthCards.swift in Sources */ = {isa = PBXBuildFile; fileRef = 00000000000000000000048A /* MaestroFelix/Features/Progress/StrengthCards.swift */; };
		00000000000000000000048D /* MaestroFelix/Domain/WorkoutLogSummary.swift in Sources */ = {isa = PBXBuildFile; fileRef = 00000000000000000000048C /* MaestroFelix/Domain/WorkoutLogSummary.swift */; };
		00000000000000000000048F /* MaestroFelix/Features/Workout/WorkoutResultsBlock.swift in Sources */ = {isa = PBXBuildFile; fileRef = 00000000000000000000048E /* MaestroFelix/Features/Workout/WorkoutResultsBlock.swift */; };
		000000000000000000000491 /* MaestroFelixTests/HistoryDetailTests.swift in Sources */ = {isa = PBXBuildFile; fileRef = 000000000000000000000490 /* MaestroFelixTests/HistoryDetailTests.swift */; };
		000000000000000000000493 /* MaestroFelix/Domain/HistoryCalendar.swift in Sources */ = {isa = PBXBuildFile; fileRef = 000000000000000000000492 /* MaestroFelix/Domain/HistoryCalendar.swift */; };
		000000000000000000000495 /* MaestroFelixTests/HistoryCalendarTests.swift in Sources */ = {isa = PBXBuildFile; fileRef = 000000000000000000000494 /* MaestroFelixTests/HistoryCalendarTests.swift */; };
		000000000000000000000497 /* MaestroFelix/Features/Progress/HistoryCalendarView.swift in Sources */ = {isa = PBXBuildFile; fileRef = 000000000000000000000496 /* MaestroFelix/Features/Progress/HistoryCalendarView.swift */; };
		000000000000000000000499 /* MaestroFelix/Domain/PlanPreview.swift in Sources */ = {isa = PBXBuildFile; fileRef = 000000000000000000000498 /* MaestroFelix/Domain/PlanPreview.swift */; };
		00000000000000000000049B /* MaestroFelix/Features/Onboarding/PlanPreviewViews.swift in Sources */ = {isa = PBXBuildFile; fileRef = 00000000000000000000049A /* MaestroFelix/Features/Onboarding/PlanPreviewViews.swift */; };
		00000000000000000000049D /* MaestroFelixTests/PlanPreviewTests.swift in Sources */ = {isa = PBXBuildFile; fileRef = 00000000000000000000049C /* MaestroFelixTests/PlanPreviewTests.swift */; };
		00000000000000000000049F /* MaestroFelix/Features/Profile/AboutView.swift in Sources */ = {isa = PBXBuildFile; fileRef = 00000000000000000000049E /* MaestroFelix/Features/Profile/AboutView.swift */; };
		0000000000000000000004A1 /* MaestroFelixTests/ProfileEditTests.swift in Sources */ = {isa = PBXBuildFile; fileRef = 0000000000000000000004A0 /* MaestroFelixTests/ProfileEditTests.swift */; };
		000000000000000000000501 /* MaestroFelix/Domain/AdaptiveTraining.swift in Sources */ = {isa = PBXBuildFile; fileRef = 000000000000000000000500 /* MaestroFelix/Domain/AdaptiveTraining.swift */; };
		000000000000000000000503 /* MaestroFelix/Features/App/AdaptiveTrainingModel.swift in Sources */ = {isa = PBXBuildFile; fileRef = 000000000000000000000502 /* MaestroFelix/Features/App/AdaptiveTrainingModel.swift */; };
		000000000000000000000505 /* MaestroFelix/Features/Profile/TrainingStartView.swift in Sources */ = {isa = PBXBuildFile; fileRef = 000000000000000000000504 /* MaestroFelix/Features/Profile/TrainingStartView.swift */; };
		000000000000000000000507 /* MaestroFelixTests/AdaptiveTrainingTests.swift in Sources */ = {isa = PBXBuildFile; fileRef = 000000000000000000000506 /* MaestroFelixTests/AdaptiveTrainingTests.swift */; };
		0000000000000000000009A2 /* FelixGlass in Frameworks */ = {isa = PBXBuildFile; productRef = 0000000000000000000009A1 /* FelixGlass */; };
/* End PBXBuildFile section */

/* Begin PBXContainerItemProxy section */
		0000000000000000000002F9 /* PBXContainerItemProxy */ = {
			isa = PBXContainerItemProxy;
			containerPortal = 000000000000000000000001 /* Project object */;
			proxyType = 1;
			remoteGlobalIDString = 000000000000000000000004;
			remoteInfo = MaestroFelix;
		};
/* End PBXContainerItemProxy section */

/* Begin PBXFileReference section */
		000000000000000000000005 /* MaestroFelix.app */ = {isa = PBXFileReference; explicitFileType = wrapper.application; path = MaestroFelix.app; sourceTree = BUILT_PRODUCTS_DIR; };
		00000000000000000000001E /* MaestroFelix/Resources/Assets.xcassets */ = {isa = PBXFileReference; lastKnownFileType = folder.assetcatalog; path = MaestroFelix/Resources/Assets.xcassets; sourceTree = SOURCE_ROOT; };
		000000000000000000000064 /* MaestroFelix/App/MaestroFelixApp.swift */ = {isa = PBXFileReference; lastKnownFileType = sourcecode.swift; path = MaestroFelix/App/MaestroFelixApp.swift; sourceTree = SOURCE_ROOT; };
		000000000000000000000065 /* MaestroFelix/Data/ProfileStore.swift */ = {isa = PBXFileReference; lastKnownFileType = sourcecode.swift; path = MaestroFelix/Data/ProfileStore.swift; sourceTree = SOURCE_ROOT; };
		000000000000000000000066 /* MaestroFelix/DesignSystem/FelixTheme.swift */ = {isa = PBXFileReference; lastKnownFileType = sourcecode.swift; path = MaestroFelix/DesignSystem/FelixTheme.swift; sourceTree = SOURCE_ROOT; };
		000000000000000000000067 /* MaestroFelix/Domain/OnboardingProfile.swift */ = {isa = PBXFileReference; lastKnownFileType = sourcecode.swift; path = MaestroFelix/Domain/OnboardingProfile.swift; sourceTree = SOURCE_ROOT; };
		000000000000000000000068 /* MaestroFelix/Features/Onboarding/OnboardingRootView.swift */ = {isa = PBXFileReference; lastKnownFileType = sourcecode.swift; path = MaestroFelix/Features/Onboarding/OnboardingRootView.swift; sourceTree = SOURCE_ROOT; };
		000000000000000000000190 /* MaestroFelix/Domain/ProfileRepository.swift */ = {isa = PBXFileReference; lastKnownFileType = sourcecode.swift; path = MaestroFelix/Domain/ProfileRepository.swift; sourceTree = SOURCE_ROOT; };
		000000000000000000000192 /* MaestroFelix/Features/Onboarding/OnboardingModel.swift */ = {isa = PBXFileReference; lastKnownFileType = sourcecode.swift; path = MaestroFelix/Features/Onboarding/OnboardingModel.swift; sourceTree = SOURCE_ROOT; };
		000000000000000000000194 /* MaestroFelix/DesignSystem/FelixControls.swift */ = {isa = PBXFileReference; lastKnownFileType = sourcecode.swift; path = MaestroFelix/DesignSystem/FelixControls.swift; sourceTree = SOURCE_ROOT; };
		000000000000000000000196 /* MaestroFelix/Features/Profile/ProfileSummaryViews.swift */ = {isa = PBXFileReference; lastKnownFileType = sourcecode.swift; path = MaestroFelix/Features/Profile/ProfileSummaryViews.swift; sourceTree = SOURCE_ROOT; };
		000000000000000000000198 /* MaestroFelix/Features/Onboarding/BodyMap.swift */ = {isa = PBXFileReference; lastKnownFileType = sourcecode.swift; path = MaestroFelix/Features/Onboarding/BodyMap.swift; sourceTree = SOURCE_ROOT; };
		00000000000000000000019A /* MaestroFelix/Features/Onboarding/LimitationsStep.swift */ = {isa = PBXFileReference; lastKnownFileType = sourcecode.swift; path = MaestroFelix/Features/Onboarding/LimitationsStep.swift; sourceTree = SOURCE_ROOT; };
		00000000000000000000019C /* MaestroFelix/Features/Onboarding/ScheduleStep.swift */ = {isa = PBXFileReference; lastKnownFileType = sourcecode.swift; path = MaestroFelix/Features/Onboarding/ScheduleStep.swift; sourceTree = SOURCE_ROOT; };
		00000000000000000000019E /* MaestroFelix/Features/Onboarding/BodyFigure.swift */ = {isa = PBXFileReference; lastKnownFileType = sourcecode.swift; path = MaestroFelix/Features/Onboarding/BodyFigure.swift; sourceTree = SOURCE_ROOT; };
		0000000000000000000001A0 /* MaestroFelix/Features/Onboarding/BodyScanStage.swift */ = {isa = PBXFileReference; lastKnownFileType = sourcecode.swift; path = MaestroFelix/Features/Onboarding/BodyScanStage.swift; sourceTree = SOURCE_ROOT; };
		0000000000000000000001A2 /* MaestroFelix/Features/Onboarding/OnboardingIntro.swift */ = {isa = PBXFileReference; lastKnownFileType = sourcecode.swift; path = MaestroFelix/Features/Onboarding/OnboardingIntro.swift; sourceTree = SOURCE_ROOT; };
		0000000000000000000001A4 /* MaestroFelix/Features/Onboarding/CharacterSelect.swift */ = {isa = PBXFileReference; lastKnownFileType = sourcecode.swift; path = MaestroFelix/Features/Onboarding/CharacterSelect.swift; sourceTree = SOURCE_ROOT; };
		0000000000000000000001A6 /* MaestroFelix/Features/Onboarding/GoalCarousel.swift */ = {isa = PBXFileReference; lastKnownFileType = sourcecode.swift; path = MaestroFelix/Features/Onboarding/GoalCarousel.swift; sourceTree = SOURCE_ROOT; };
		0000000000000000000001AA /* MaestroFelix/Features/Onboarding/BodyArt.swift */ = {isa = PBXFileReference; lastKnownFileType = sourcecode.swift; path = MaestroFelix/Features/Onboarding/BodyArt.swift; sourceTree = SOURCE_ROOT; };
		0000000000000000000001AC /* MaestroFelix/Features/Onboarding/NeuralCore.swift */ = {isa = PBXFileReference; lastKnownFileType = sourcecode.swift; path = MaestroFelix/Features/Onboarding/NeuralCore.swift; sourceTree = SOURCE_ROOT; };
		0000000000000000000001AE /* MaestroFelix/Features/Onboarding/OnboardingStepper.swift */ = {isa = PBXFileReference; lastKnownFileType = sourcecode.swift; path = MaestroFelix/Features/Onboarding/OnboardingStepper.swift; sourceTree = SOURCE_ROOT; };
		0000000000000000000001B0 /* MaestroFelix/DesignSystem/FelixMotion.swift */ = {isa = PBXFileReference; lastKnownFileType = sourcecode.swift; path = MaestroFelix/DesignSystem/FelixMotion.swift; sourceTree = SOURCE_ROOT; };
		0000000000000000000001B2 /* MaestroFelix/Features/Onboarding/LevelMascot.swift */ = {isa = PBXFileReference; lastKnownFileType = sourcecode.swift; path = MaestroFelix/Features/Onboarding/LevelMascot.swift; sourceTree = SOURCE_ROOT; };
		0000000000000000000001B4 /* MaestroFelix/Domain/Workout.swift */ = {isa = PBXFileReference; lastKnownFileType = sourcecode.swift; path = MaestroFelix/Domain/Workout.swift; sourceTree = SOURCE_ROOT; };
		0000000000000000000001B6 /* MaestroFelix/Domain/WorkoutPlanner.swift */ = {isa = PBXFileReference; lastKnownFileType = sourcecode.swift; path = MaestroFelix/Domain/WorkoutPlanner.swift; sourceTree = SOURCE_ROOT; };
		0000000000000000000001B8 /* MaestroFelix/Features/Workout/WorkoutModel.swift */ = {isa = PBXFileReference; lastKnownFileType = sourcecode.swift; path = MaestroFelix/Features/Workout/WorkoutModel.swift; sourceTree = SOURCE_ROOT; };
		0000000000000000000001BA /* MaestroFelix/Features/Workout/ExerciseRunnerView.swift */ = {isa = PBXFileReference; lastKnownFileType = sourcecode.swift; path = MaestroFelix/Features/Workout/ExerciseRunnerView.swift; sourceTree = SOURCE_ROOT; };
		0000000000000000000001BC /* MaestroFelix/Features/Workout/WorkoutSessionView.swift */ = {isa = PBXFileReference; lastKnownFileType = sourcecode.swift; path = MaestroFelix/Features/Workout/WorkoutSessionView.swift; sourceTree = SOURCE_ROOT; };
		0000000000000000000002F1 /* MaestroFelixTests.xctest */ = {isa = PBXFileReference; explicitFileType = wrapper.cfbundle; includeInIndex = 0; path = MaestroFelixTests.xctest; sourceTree = BUILT_PRODUCTS_DIR; };
		000000000000000000000400 /* MaestroFelix/Domain/BodyWeight.swift */ = {isa = PBXFileReference; lastKnownFileType = sourcecode.swift; path = MaestroFelix/Domain/BodyWeight.swift; sourceTree = SOURCE_ROOT; };
		000000000000000000000402 /* MaestroFelix/Domain/Coach.swift */ = {isa = PBXFileReference; lastKnownFileType = sourcecode.swift; path = MaestroFelix/Domain/Coach.swift; sourceTree = SOURCE_ROOT; };
		000000000000000000000404 /* MaestroFelix/Domain/DayKey.swift */ = {isa = PBXFileReference; lastKnownFileType = sourcecode.swift; path = MaestroFelix/Domain/DayKey.swift; sourceTree = SOURCE_ROOT; };
		000000000000000000000406 /* MaestroFelix/Domain/DocumentStore.swift */ = {isa = PBXFileReference; lastKnownFileType = sourcecode.swift; path = MaestroFelix/Domain/DocumentStore.swift; sourceTree = SOURCE_ROOT; };
		000000000000000000000408 /* MaestroFelix/Domain/ExerciseInfo.swift */ = {isa = PBXFileReference; lastKnownFileType = sourcecode.swift; path = MaestroFelix/Domain/ExerciseInfo.swift; sourceTree = SOURCE_ROOT; };
		00000000000000000000040A /* MaestroFelix/Domain/Progress.swift */ = {isa = PBXFileReference; lastKnownFileType = sourcecode.swift; path = MaestroFelix/Domain/Progress.swift; sourceTree = SOURCE_ROOT; };
		00000000000000000000040C /* MaestroFelix/Domain/Reminders.swift */ = {isa = PBXFileReference; lastKnownFileType = sourcecode.swift; path = MaestroFelix/Domain/Reminders.swift; sourceTree = SOURCE_ROOT; };
		00000000000000000000040E /* MaestroFelix/Domain/Schedule.swift */ = {isa = PBXFileReference; lastKnownFileType = sourcecode.swift; path = MaestroFelix/Domain/Schedule.swift; sourceTree = SOURCE_ROOT; };
		000000000000000000000410 /* MaestroFelix/Domain/TrainingCalendar.swift */ = {isa = PBXFileReference; lastKnownFileType = sourcecode.swift; path = MaestroFelix/Domain/TrainingCalendar.swift; sourceTree = SOURCE_ROOT; };
		000000000000000000000412 /* MaestroFelixTests/CoachTests.swift */ = {isa = PBXFileReference; lastKnownFileType = sourcecode.swift; path = MaestroFelixTests/CoachTests.swift; sourceTree = SOURCE_ROOT; };
		000000000000000000000414 /* MaestroFelixTests/DayKeyTests.swift */ = {isa = PBXFileReference; lastKnownFileType = sourcecode.swift; path = MaestroFelixTests/DayKeyTests.swift; sourceTree = SOURCE_ROOT; };
		000000000000000000000416 /* MaestroFelixTests/ProgressTests.swift */ = {isa = PBXFileReference; lastKnownFileType = sourcecode.swift; path = MaestroFelixTests/ProgressTests.swift; sourceTree = SOURCE_ROOT; };
		000000000000000000000418 /* MaestroFelixTests/ReminderTests.swift */ = {isa = PBXFileReference; lastKnownFileType = sourcecode.swift; path = MaestroFelixTests/ReminderTests.swift; sourceTree = SOURCE_ROOT; };
		00000000000000000000041A /* MaestroFelixTests/ScheduleTests.swift */ = {isa = PBXFileReference; lastKnownFileType = sourcecode.swift; path = MaestroFelixTests/ScheduleTests.swift; sourceTree = SOURCE_ROOT; };
		00000000000000000000041C /* MaestroFelixTests/TestSupport.swift */ = {isa = PBXFileReference; lastKnownFileType = sourcecode.swift; path = MaestroFelixTests/TestSupport.swift; sourceTree = SOURCE_ROOT; };
		00000000000000000000041E /* MaestroFelixTests/WorkoutDomainTests.swift */ = {isa = PBXFileReference; lastKnownFileType = sourcecode.swift; path = MaestroFelixTests/WorkoutDomainTests.swift; sourceTree = SOURCE_ROOT; };
		000000000000000000000420 /* MaestroFelix/App/AppDelegate.swift */ = {isa = PBXFileReference; lastKnownFileType = sourcecode.swift; path = MaestroFelix/App/AppDelegate.swift; sourceTree = SOURCE_ROOT; };
		000000000000000000000422 /* MaestroFelix/Data/NotificationScheduler.swift */ = {isa = PBXFileReference; lastKnownFileType = sourcecode.swift; path = MaestroFelix/Data/NotificationScheduler.swift; sourceTree = SOURCE_ROOT; };
		000000000000000000000424 /* MaestroFelix/DesignSystem/FelixComponents.swift */ = {isa = PBXFileReference; lastKnownFileType = sourcecode.swift; path = MaestroFelix/DesignSystem/FelixComponents.swift; sourceTree = SOURCE_ROOT; };
		000000000000000000000426 /* MaestroFelix/Features/App/AppCoordinator.swift */ = {isa = PBXFileReference; lastKnownFileType = sourcecode.swift; path = MaestroFelix/Features/App/AppCoordinator.swift; sourceTree = SOURCE_ROOT; };
		000000000000000000000428 /* MaestroFelix/Features/App/CoachModel.swift */ = {isa = PBXFileReference; lastKnownFileType = sourcecode.swift; path = MaestroFelix/Features/App/CoachModel.swift; sourceTree = SOURCE_ROOT; };
		00000000000000000000042A /* MaestroFelix/Features/App/MainTabView.swift */ = {isa = PBXFileReference; lastKnownFileType = sourcecode.swift; path = MaestroFelix/Features/App/MainTabView.swift; sourceTree = SOURCE_ROOT; };
		00000000000000000000042C /* MaestroFelix/Features/App/ProgressModel.swift */ = {isa = PBXFileReference; lastKnownFileType = sourcecode.swift; path = MaestroFelix/Features/App/ProgressModel.swift; sourceTree = SOURCE_ROOT; };
		00000000000000000000042E /* MaestroFelix/Features/App/RemindersModel.swift */ = {isa = PBXFileReference; lastKnownFileType = sourcecode.swift; path = MaestroFelix/Features/App/RemindersModel.swift; sourceTree = SOURCE_ROOT; };
		000000000000000000000430 /* MaestroFelix/Features/App/ScheduleModel.swift */ = {isa = PBXFileReference; lastKnownFileType = sourcecode.swift; path = MaestroFelix/Features/App/ScheduleModel.swift; sourceTree = SOURCE_ROOT; };
		000000000000000000000432 /* MaestroFelix/Features/App/WeightModel.swift */ = {isa = PBXFileReference; lastKnownFileType = sourcecode.swift; path = MaestroFelix/Features/App/WeightModel.swift; sourceTree = SOURCE_ROOT; };
		000000000000000000000434 /* MaestroFelix/Features/Plan/PlanScreen.swift */ = {isa = PBXFileReference; lastKnownFileType = sourcecode.swift; path = MaestroFelix/Features/Plan/PlanScreen.swift; sourceTree = SOURCE_ROOT; };
		000000000000000000000436 /* MaestroFelix/Features/Plan/ScheduleSheets.swift */ = {isa = PBXFileReference; lastKnownFileType = sourcecode.swift; path = MaestroFelix/Features/Plan/ScheduleSheets.swift; sourceTree = SOURCE_ROOT; };
		000000000000000000000438 /* MaestroFelix/Features/Plan/SessionDetailView.swift */ = {isa = PBXFileReference; lastKnownFileType = sourcecode.swift; path = MaestroFelix/Features/Plan/SessionDetailView.swift; sourceTree = SOURCE_ROOT; };
		00000000000000000000043A /* MaestroFelix/Features/Profile/CoachPickerView.swift */ = {isa = PBXFileReference; lastKnownFileType = sourcecode.swift; path = MaestroFelix/Features/Profile/CoachPickerView.swift; sourceTree = SOURCE_ROOT; };
		00000000000000000000043C /* MaestroFelix/Features/Profile/DataSettingsView.swift */ = {isa = PBXFileReference; lastKnownFileType = sourcecode.swift; path = MaestroFelix/Features/Profile/DataSettingsView.swift; sourceTree = SOURCE_ROOT; };
		00000000000000000000043E /* MaestroFelix/Features/Profile/ProfileScreen.swift */ = {isa = PBXFileReference; lastKnownFileType = sourcecode.swift; path = MaestroFelix/Features/Profile/ProfileScreen.swift; sourceTree = SOURCE_ROOT; };
		000000000000000000000440 /* MaestroFelix/Features/Profile/RemindersSettingsView.swift */ = {isa = PBXFileReference; lastKnownFileType = sourcecode.swift; path = MaestroFelix/Features/Profile/RemindersSettingsView.swift; sourceTree = SOURCE_ROOT; };
		000000000000000000000442 /* MaestroFelix/Features/Progress/HistoryViews.swift */ = {isa = PBXFileReference; lastKnownFileType = sourcecode.swift; path = MaestroFelix/Features/Progress/HistoryViews.swift; sourceTree = SOURCE_ROOT; };
		000000000000000000000444 /* MaestroFelix/Features/Progress/ProgressScreen.swift */ = {isa = PBXFileReference; lastKnownFileType = sourcecode.swift; path = MaestroFelix/Features/Progress/ProgressScreen.swift; sourceTree = SOURCE_ROOT; };
		000000000000000000000446 /* MaestroFelix/Features/Progress/WeightViews.swift */ = {isa = PBXFileReference; lastKnownFileType = sourcecode.swift; path = MaestroFelix/Features/Progress/WeightViews.swift; sourceTree = SOURCE_ROOT; };
		000000000000000000000448 /* MaestroFelix/Features/Today/CoachCard.swift */ = {isa = PBXFileReference; lastKnownFileType = sourcecode.swift; path = MaestroFelix/Features/Today/CoachCard.swift; sourceTree = SOURCE_ROOT; };
		00000000000000000000044A /* MaestroFelix/Features/Today/RestDayCard.swift */ = {isa = PBXFileReference; lastKnownFileType = sourcecode.swift; path = MaestroFelix/Features/Today/RestDayCard.swift; sourceTree = SOURCE_ROOT; };
		00000000000000000000044C /* MaestroFelix/Features/Today/TodayScreen.swift */ = {isa = PBXFileReference; lastKnownFileType = sourcecode.swift; path = MaestroFelix/Features/Today/TodayScreen.swift; sourceTree = SOURCE_ROOT; };
		00000000000000000000044E /* MaestroFelix/Features/Today/TodaySessionCard.swift */ = {isa = PBXFileReference; lastKnownFileType = sourcecode.swift; path = MaestroFelix/Features/Today/TodaySessionCard.swift; sourceTree = SOURCE_ROOT; };
		000000000000000000000450 /* MaestroFelix/Features/Today/WeekStrip.swift */ = {isa = PBXFileReference; lastKnownFileType = sourcecode.swift; path = MaestroFelix/Features/Today/WeekStrip.swift; sourceTree = SOURCE_ROOT; };
		000000000000000000000452 /* MaestroFelix/Features/Workout/ExerciseTechniqueSheet.swift */ = {isa = PBXFileReference; lastKnownFileType = sourcecode.swift; path = MaestroFelix/Features/Workout/ExerciseTechniqueSheet.swift; sourceTree = SOURCE_ROOT; };
		000000000000000000000454 /* MaestroFelix/Features/Workout/MuscleHighlightView.swift */ = {isa = PBXFileReference; lastKnownFileType = sourcecode.swift; path = MaestroFelix/Features/Workout/MuscleHighlightView.swift; sourceTree = SOURCE_ROOT; };
		000000000000000000000456 /* MaestroFelix/Features/Workout/SetInputCard.swift */ = {isa = PBXFileReference; lastKnownFileType = sourcecode.swift; path = MaestroFelix/Features/Workout/SetInputCard.swift; sourceTree = SOURCE_ROOT; };
		000000000000000000000458 /* MaestroFelix/Features/Workout/WorkoutRatingView.swift */ = {isa = PBXFileReference; lastKnownFileType = sourcecode.swift; path = MaestroFelix/Features/Workout/WorkoutRatingView.swift; sourceTree = SOURCE_ROOT; };
		00000000000000000000045A /* MaestroFelix/Features/Workout/WorkoutSession.swift */ = {isa = PBXFileReference; lastKnownFileType = sourcecode.swift; path = MaestroFelix/Features/Workout/WorkoutSession.swift; sourceTree = SOURCE_ROOT; };
		00000000000000000000045C /* MaestroFelix/Features/Workout/WorkoutSummaryView.swift */ = {isa = PBXFileReference; lastKnownFileType = sourcecode.swift; path = MaestroFelix/Features/Workout/WorkoutSummaryView.swift; sourceTree = SOURCE_ROOT; };
		00000000000000000000045E /* MaestroFelixTests/CoordinatorTests.swift */ = {isa = PBXFileReference; lastKnownFileType = sourcecode.swift; path = MaestroFelixTests/CoordinatorTests.swift; sourceTree = SOURCE_ROOT; };
		000000000000000000000460 /* MaestroFelixTests/SessionTests.swift */ = {isa = PBXFileReference; lastKnownFileType = sourcecode.swift; path = MaestroFelixTests/SessionTests.swift; sourceTree = SOURCE_ROOT; };
		000000000000000000000462 /* MaestroFelixTests/StoreTests.swift */ = {isa = PBXFileReference; lastKnownFileType = sourcecode.swift; path = MaestroFelixTests/StoreTests.swift; sourceTree = SOURCE_ROOT; };
		000000000000000000000464 /* MaestroFelixTests/TestDoubles.swift */ = {isa = PBXFileReference; lastKnownFileType = sourcecode.swift; path = MaestroFelixTests/TestDoubles.swift; sourceTree = SOURCE_ROOT; };
		000000000000000000000466 /* MaestroFelix/Resources/PrivacyInfo.xcprivacy */ = {isa = PBXFileReference; lastKnownFileType = text.xml; path = MaestroFelix/Resources/PrivacyInfo.xcprivacy; sourceTree = SOURCE_ROOT; };
		000000000000000000000468 /* MaestroFelix/DesignSystem/FelixTabBar.swift */ = {isa = PBXFileReference; lastKnownFileType = sourcecode.swift; path = MaestroFelix/DesignSystem/FelixTabBar.swift; sourceTree = SOURCE_ROOT; };
		00000000000000000000046A /* MaestroFelix/Domain/Records.swift */ = {isa = PBXFileReference; lastKnownFileType = sourcecode.swift; path = MaestroFelix/Domain/Records.swift; sourceTree = SOURCE_ROOT; };
		00000000000000000000046C /* MaestroFelixTests/RecordsTests.swift */ = {isa = PBXFileReference; lastKnownFileType = sourcecode.swift; path = MaestroFelixTests/RecordsTests.swift; sourceTree = SOURCE_ROOT; };
		00000000000000000000046E /* MaestroFelixTests/SetKindTests.swift */ = {isa = PBXFileReference; lastKnownFileType = sourcecode.swift; path = MaestroFelixTests/SetKindTests.swift; sourceTree = SOURCE_ROOT; };
		000000000000000000000470 /* MaestroFelix/Domain/WeekOverview.swift */ = {isa = PBXFileReference; lastKnownFileType = sourcecode.swift; path = MaestroFelix/Domain/WeekOverview.swift; sourceTree = SOURCE_ROOT; };
		000000000000000000000472 /* MaestroFelixTests/WeekOverviewTests.swift */ = {isa = PBXFileReference; lastKnownFileType = sourcecode.swift; path = MaestroFelixTests/WeekOverviewTests.swift; sourceTree = SOURCE_ROOT; };
		000000000000000000000474 /* MaestroFelix/Features/Plan/PlanLoadCard.swift */ = {isa = PBXFileReference; lastKnownFileType = sourcecode.swift; path = MaestroFelix/Features/Plan/PlanLoadCard.swift; sourceTree = SOURCE_ROOT; };
		000000000000000000000476 /* MaestroFelix/Features/Plan/PlanRestDays.swift */ = {isa = PBXFileReference; lastKnownFileType = sourcecode.swift; path = MaestroFelix/Features/Plan/PlanRestDays.swift; sourceTree = SOURCE_ROOT; };
		000000000000000000000478 /* MaestroFelix/Features/Plan/PlanSessionCard.swift */ = {isa = PBXFileReference; lastKnownFileType = sourcecode.swift; path = MaestroFelix/Features/Plan/PlanSessionCard.swift; sourceTree = SOURCE_ROOT; };
		00000000000000000000047A /* MaestroFelix/Features/Plan/PlanWeekCard.swift */ = {isa = PBXFileReference; lastKnownFileType = sourcecode.swift; path = MaestroFelix/Features/Plan/PlanWeekCard.swift; sourceTree = SOURCE_ROOT; };
		00000000000000000000047C /* MaestroFelix/Domain/ExerciseSwaps.swift */ = {isa = PBXFileReference; lastKnownFileType = sourcecode.swift; path = MaestroFelix/Domain/ExerciseSwaps.swift; sourceTree = SOURCE_ROOT; };
		00000000000000000000047E /* MaestroFelixTests/ExerciseSwapTests.swift */ = {isa = PBXFileReference; lastKnownFileType = sourcecode.swift; path = MaestroFelixTests/ExerciseSwapTests.swift; sourceTree = SOURCE_ROOT; };
		000000000000000000000480 /* MaestroFelix/Features/Plan/SwapExerciseSheet.swift */ = {isa = PBXFileReference; lastKnownFileType = sourcecode.swift; path = MaestroFelix/Features/Plan/SwapExerciseSheet.swift; sourceTree = SOURCE_ROOT; };
		000000000000000000000482 /* MaestroFelix/Features/Plan/StatusLegend.swift */ = {isa = PBXFileReference; lastKnownFileType = sourcecode.swift; path = MaestroFelix/Features/Plan/StatusLegend.swift; sourceTree = SOURCE_ROOT; };
		000000000000000000000484 /* MaestroFelix/Domain/LightBlocks.swift */ = {isa = PBXFileReference; lastKnownFileType = sourcecode.swift; path = MaestroFelix/Domain/LightBlocks.swift; sourceTree = SOURCE_ROOT; };
		000000000000000000000486 /* MaestroFelix/Domain/StrengthProgress.swift */ = {isa = PBXFileReference; lastKnownFileType = sourcecode.swift; path = MaestroFelix/Domain/StrengthProgress.swift; sourceTree = SOURCE_ROOT; };
		000000000000000000000488 /* MaestroFelixTests/StrengthProgressTests.swift */ = {isa = PBXFileReference; lastKnownFileType = sourcecode.swift; path = MaestroFelixTests/StrengthProgressTests.swift; sourceTree = SOURCE_ROOT; };
		00000000000000000000048A /* MaestroFelix/Features/Progress/StrengthCards.swift */ = {isa = PBXFileReference; lastKnownFileType = sourcecode.swift; path = MaestroFelix/Features/Progress/StrengthCards.swift; sourceTree = SOURCE_ROOT; };
		00000000000000000000048C /* MaestroFelix/Domain/WorkoutLogSummary.swift */ = {isa = PBXFileReference; lastKnownFileType = sourcecode.swift; path = MaestroFelix/Domain/WorkoutLogSummary.swift; sourceTree = SOURCE_ROOT; };
		00000000000000000000048E /* MaestroFelix/Features/Workout/WorkoutResultsBlock.swift */ = {isa = PBXFileReference; lastKnownFileType = sourcecode.swift; path = MaestroFelix/Features/Workout/WorkoutResultsBlock.swift; sourceTree = SOURCE_ROOT; };
		000000000000000000000490 /* MaestroFelixTests/HistoryDetailTests.swift */ = {isa = PBXFileReference; lastKnownFileType = sourcecode.swift; path = MaestroFelixTests/HistoryDetailTests.swift; sourceTree = SOURCE_ROOT; };
		000000000000000000000492 /* MaestroFelix/Domain/HistoryCalendar.swift */ = {isa = PBXFileReference; lastKnownFileType = sourcecode.swift; path = MaestroFelix/Domain/HistoryCalendar.swift; sourceTree = SOURCE_ROOT; };
		000000000000000000000494 /* MaestroFelixTests/HistoryCalendarTests.swift */ = {isa = PBXFileReference; lastKnownFileType = sourcecode.swift; path = MaestroFelixTests/HistoryCalendarTests.swift; sourceTree = SOURCE_ROOT; };
		000000000000000000000496 /* MaestroFelix/Features/Progress/HistoryCalendarView.swift */ = {isa = PBXFileReference; lastKnownFileType = sourcecode.swift; path = MaestroFelix/Features/Progress/HistoryCalendarView.swift; sourceTree = SOURCE_ROOT; };
		000000000000000000000498 /* MaestroFelix/Domain/PlanPreview.swift */ = {isa = PBXFileReference; lastKnownFileType = sourcecode.swift; path = MaestroFelix/Domain/PlanPreview.swift; sourceTree = SOURCE_ROOT; };
		00000000000000000000049A /* MaestroFelix/Features/Onboarding/PlanPreviewViews.swift */ = {isa = PBXFileReference; lastKnownFileType = sourcecode.swift; path = MaestroFelix/Features/Onboarding/PlanPreviewViews.swift; sourceTree = SOURCE_ROOT; };
		00000000000000000000049C /* MaestroFelixTests/PlanPreviewTests.swift */ = {isa = PBXFileReference; lastKnownFileType = sourcecode.swift; path = MaestroFelixTests/PlanPreviewTests.swift; sourceTree = SOURCE_ROOT; };
		00000000000000000000049E /* MaestroFelix/Features/Profile/AboutView.swift */ = {isa = PBXFileReference; lastKnownFileType = sourcecode.swift; path = MaestroFelix/Features/Profile/AboutView.swift; sourceTree = SOURCE_ROOT; };
		0000000000000000000004A0 /* MaestroFelixTests/ProfileEditTests.swift */ = {isa = PBXFileReference; lastKnownFileType = sourcecode.swift; path = MaestroFelixTests/ProfileEditTests.swift; sourceTree = SOURCE_ROOT; };
		000000000000000000000500 /* MaestroFelix/Domain/AdaptiveTraining.swift */ = {isa = PBXFileReference; lastKnownFileType = sourcecode.swift; path = MaestroFelix/Domain/AdaptiveTraining.swift; sourceTree = SOURCE_ROOT; };
		000000000000000000000502 /* MaestroFelix/Features/App/AdaptiveTrainingModel.swift */ = {isa = PBXFileReference; lastKnownFileType = sourcecode.swift; path = MaestroFelix/Features/App/AdaptiveTrainingModel.swift; sourceTree = SOURCE_ROOT; };
		000000000000000000000504 /* MaestroFelix/Features/Profile/TrainingStartView.swift */ = {isa = PBXFileReference; lastKnownFileType = sourcecode.swift; path = MaestroFelix/Features/Profile/TrainingStartView.swift; sourceTree = SOURCE_ROOT; };
		000000000000000000000506 /* MaestroFelixTests/AdaptiveTrainingTests.swift */ = {isa = PBXFileReference; lastKnownFileType = sourcecode.swift; path = MaestroFelixTests/AdaptiveTrainingTests.swift; sourceTree = SOURCE_ROOT; };
/* End PBXFileReference section */

/* Begin PBXFrameworksBuildPhase section */
		000000000000000000000007 /* Frameworks */ = {
			isa = PBXFrameworksBuildPhase;
			buildActionMask = 2147483647;
			files = (
				0000000000000000000009A2 /* FelixGlass in Frameworks */,
			);
			runOnlyForDeploymentPostprocessing = 0;
		};
		0000000000000000000002F3 /* Frameworks */ = {
			isa = PBXFrameworksBuildPhase;
			buildActionMask = 2147483647;
			files = (
			);
			runOnlyForDeploymentPostprocessing = 0;
		};
/* End PBXFrameworksBuildPhase section */

/* Begin PBXGroup section */
		000000000000000000000002 = {
			isa = PBXGroup;
			children = (
				000000000000000000000504 /* MaestroFelix/Features/Profile/TrainingStartView.swift */,
				000000000000000000000502 /* MaestroFelix/Features/App/AdaptiveTrainingModel.swift */,
				000000000000000000000500 /* MaestroFelix/Domain/AdaptiveTraining.swift */,
				000000000000000000000192 /* MaestroFelix/Features/Onboarding/OnboardingModel.swift */,
				000000000000000000000194 /* MaestroFelix/DesignSystem/FelixControls.swift */,
				000000000000000000000196 /* MaestroFelix/Features/Profile/ProfileSummaryViews.swift */,
				000000000000000000000190 /* MaestroFelix/Domain/ProfileRepository.swift */,
				000000000000000000000064 /* MaestroFelix/App/MaestroFelixApp.swift */,
				000000000000000000000065 /* MaestroFelix/Data/ProfileStore.swift */,
				000000000000000000000066 /* MaestroFelix/DesignSystem/FelixTheme.swift */,
				000000000000000000000067 /* MaestroFelix/Domain/OnboardingProfile.swift */,
				000000000000000000000068 /* MaestroFelix/Features/Onboarding/OnboardingRootView.swift */,
				000000000000000000000198 /* MaestroFelix/Features/Onboarding/BodyMap.swift */,
				00000000000000000000019A /* MaestroFelix/Features/Onboarding/LimitationsStep.swift */,
				00000000000000000000019C /* MaestroFelix/Features/Onboarding/ScheduleStep.swift */,
				00000000000000000000019E /* MaestroFelix/Features/Onboarding/BodyFigure.swift */,
				0000000000000000000001A0 /* MaestroFelix/Features/Onboarding/BodyScanStage.swift */,
				0000000000000000000001A2 /* MaestroFelix/Features/Onboarding/OnboardingIntro.swift */,
				0000000000000000000001A4 /* MaestroFelix/Features/Onboarding/CharacterSelect.swift */,
				0000000000000000000001A6 /* MaestroFelix/Features/Onboarding/GoalCarousel.swift */,
				0000000000000000000001AA /* MaestroFelix/Features/Onboarding/BodyArt.swift */,
				0000000000000000000001AC /* MaestroFelix/Features/Onboarding/NeuralCore.swift */,
				0000000000000000000001AE /* MaestroFelix/Features/Onboarding/OnboardingStepper.swift */,
				0000000000000000000001B0 /* MaestroFelix/DesignSystem/FelixMotion.swift */,
				0000000000000000000001B2 /* MaestroFelix/Features/Onboarding/LevelMascot.swift */,
				0000000000000000000001B4 /* MaestroFelix/Domain/Workout.swift */,
				0000000000000000000001B6 /* MaestroFelix/Domain/WorkoutPlanner.swift */,
				0000000000000000000001B8 /* MaestroFelix/Features/Workout/WorkoutModel.swift */,
				0000000000000000000001BA /* MaestroFelix/Features/Workout/ExerciseRunnerView.swift */,
				0000000000000000000001BC /* MaestroFelix/Features/Workout/WorkoutSessionView.swift */,
				00000000000000000000001E /* MaestroFelix/Resources/Assets.xcassets */,
				000000000000000000000003 /* Products */,
				000000000000000000000400 /* MaestroFelix/Domain/BodyWeight.swift */,
				000000000000000000000402 /* MaestroFelix/Domain/Coach.swift */,
				000000000000000000000404 /* MaestroFelix/Domain/DayKey.swift */,
				000000000000000000000406 /* MaestroFelix/Domain/DocumentStore.swift */,
				000000000000000000000408 /* MaestroFelix/Domain/ExerciseInfo.swift */,
				00000000000000000000040A /* MaestroFelix/Domain/Progress.swift */,
				00000000000000000000040C /* MaestroFelix/Domain/Reminders.swift */,
				00000000000000000000040E /* MaestroFelix/Domain/Schedule.swift */,
				000000000000000000000410 /* MaestroFelix/Domain/TrainingCalendar.swift */,
				0000000000000000000002FA /* MaestroFelixTests */,
				000000000000000000000420 /* MaestroFelix/App/AppDelegate.swift */,
				000000000000000000000422 /* MaestroFelix/Data/NotificationScheduler.swift */,
				000000000000000000000424 /* MaestroFelix/DesignSystem/FelixComponents.swift */,
				000000000000000000000426 /* MaestroFelix/Features/App/AppCoordinator.swift */,
				000000000000000000000428 /* MaestroFelix/Features/App/CoachModel.swift */,
				00000000000000000000042A /* MaestroFelix/Features/App/MainTabView.swift */,
				00000000000000000000042C /* MaestroFelix/Features/App/ProgressModel.swift */,
				00000000000000000000042E /* MaestroFelix/Features/App/RemindersModel.swift */,
				000000000000000000000430 /* MaestroFelix/Features/App/ScheduleModel.swift */,
				000000000000000000000432 /* MaestroFelix/Features/App/WeightModel.swift */,
				000000000000000000000434 /* MaestroFelix/Features/Plan/PlanScreen.swift */,
				000000000000000000000436 /* MaestroFelix/Features/Plan/ScheduleSheets.swift */,
				000000000000000000000438 /* MaestroFelix/Features/Plan/SessionDetailView.swift */,
				00000000000000000000043A /* MaestroFelix/Features/Profile/CoachPickerView.swift */,
				00000000000000000000043C /* MaestroFelix/Features/Profile/DataSettingsView.swift */,
				00000000000000000000043E /* MaestroFelix/Features/Profile/ProfileScreen.swift */,
				000000000000000000000440 /* MaestroFelix/Features/Profile/RemindersSettingsView.swift */,
				000000000000000000000442 /* MaestroFelix/Features/Progress/HistoryViews.swift */,
				000000000000000000000444 /* MaestroFelix/Features/Progress/ProgressScreen.swift */,
				000000000000000000000446 /* MaestroFelix/Features/Progress/WeightViews.swift */,
				000000000000000000000448 /* MaestroFelix/Features/Today/CoachCard.swift */,
				00000000000000000000044A /* MaestroFelix/Features/Today/RestDayCard.swift */,
				00000000000000000000044C /* MaestroFelix/Features/Today/TodayScreen.swift */,
				00000000000000000000044E /* MaestroFelix/Features/Today/TodaySessionCard.swift */,
				000000000000000000000450 /* MaestroFelix/Features/Today/WeekStrip.swift */,
				000000000000000000000452 /* MaestroFelix/Features/Workout/ExerciseTechniqueSheet.swift */,
				000000000000000000000454 /* MaestroFelix/Features/Workout/MuscleHighlightView.swift */,
				000000000000000000000456 /* MaestroFelix/Features/Workout/SetInputCard.swift */,
				000000000000000000000458 /* MaestroFelix/Features/Workout/WorkoutRatingView.swift */,
				00000000000000000000045A /* MaestroFelix/Features/Workout/WorkoutSession.swift */,
				00000000000000000000045C /* MaestroFelix/Features/Workout/WorkoutSummaryView.swift */,
				000000000000000000000466 /* MaestroFelix/Resources/PrivacyInfo.xcprivacy */,
				000000000000000000000468 /* MaestroFelix/DesignSystem/FelixTabBar.swift */,
				00000000000000000000046A /* MaestroFelix/Domain/Records.swift */,
				000000000000000000000470 /* MaestroFelix/Domain/WeekOverview.swift */,
				000000000000000000000474 /* MaestroFelix/Features/Plan/PlanLoadCard.swift */,
				000000000000000000000476 /* MaestroFelix/Features/Plan/PlanRestDays.swift */,
				000000000000000000000478 /* MaestroFelix/Features/Plan/PlanSessionCard.swift */,
				00000000000000000000047A /* MaestroFelix/Features/Plan/PlanWeekCard.swift */,
				00000000000000000000047C /* MaestroFelix/Domain/ExerciseSwaps.swift */,
				000000000000000000000480 /* MaestroFelix/Features/Plan/SwapExerciseSheet.swift */,
				000000000000000000000482 /* MaestroFelix/Features/Plan/StatusLegend.swift */,
				000000000000000000000484 /* MaestroFelix/Domain/LightBlocks.swift */,
				000000000000000000000486 /* MaestroFelix/Domain/StrengthProgress.swift */,
				00000000000000000000048A /* MaestroFelix/Features/Progress/StrengthCards.swift */,
				00000000000000000000048C /* MaestroFelix/Domain/WorkoutLogSummary.swift */,
				00000000000000000000048E /* MaestroFelix/Features/Workout/WorkoutResultsBlock.swift */,
				000000000000000000000492 /* MaestroFelix/Domain/HistoryCalendar.swift */,
				000000000000000000000496 /* MaestroFelix/Features/Progress/HistoryCalendarView.swift */,
				000000000000000000000498 /* MaestroFelix/Domain/PlanPreview.swift */,
				00000000000000000000049A /* MaestroFelix/Features/Onboarding/PlanPreviewViews.swift */,
				00000000000000000000049E /* MaestroFelix/Features/Profile/AboutView.swift */,
			);
			sourceTree = "<group>";
		};
		000000000000000000000003 /* Products */ = {
			isa = PBXGroup;
			children = (
				000000000000000000000005 /* MaestroFelix.app */,
				0000000000000000000002F1 /* MaestroFelixTests.xctest */,
			);
			name = Products;
			sourceTree = "<group>";
		};
		0000000000000000000002FA /* MaestroFelixTests */ = {
			isa = PBXGroup;
			children = (
				000000000000000000000506 /* MaestroFelixTests/AdaptiveTrainingTests.swift */,
				000000000000000000000412 /* MaestroFelixTests/CoachTests.swift */,
				000000000000000000000414 /* MaestroFelixTests/DayKeyTests.swift */,
				000000000000000000000416 /* MaestroFelixTests/ProgressTests.swift */,
				000000000000000000000418 /* MaestroFelixTests/ReminderTests.swift */,
				00000000000000000000041A /* MaestroFelixTests/ScheduleTests.swift */,
				00000000000000000000041C /* MaestroFelixTests/TestSupport.swift */,
				00000000000000000000041E /* MaestroFelixTests/WorkoutDomainTests.swift */,
				00000000000000000000045E /* MaestroFelixTests/CoordinatorTests.swift */,
				000000000000000000000460 /* MaestroFelixTests/SessionTests.swift */,
				000000000000000000000462 /* MaestroFelixTests/StoreTests.swift */,
				000000000000000000000464 /* MaestroFelixTests/TestDoubles.swift */,
				00000000000000000000046C /* MaestroFelixTests/RecordsTests.swift */,
				00000000000000000000046E /* MaestroFelixTests/SetKindTests.swift */,
				000000000000000000000472 /* MaestroFelixTests/WeekOverviewTests.swift */,
				00000000000000000000047E /* MaestroFelixTests/ExerciseSwapTests.swift */,
				000000000000000000000488 /* MaestroFelixTests/StrengthProgressTests.swift */,
				000000000000000000000490 /* MaestroFelixTests/HistoryDetailTests.swift */,
				000000000000000000000494 /* MaestroFelixTests/HistoryCalendarTests.swift */,
				00000000000000000000049C /* MaestroFelixTests/PlanPreviewTests.swift */,
				0000000000000000000004A0 /* MaestroFelixTests/ProfileEditTests.swift */,
			);
			name = MaestroFelixTests;
			sourceTree = "<group>";
		};
/* End PBXGroup section */

/* Begin PBXNativeTarget section */
		000000000000000000000004 /* MaestroFelix */ = {
			isa = PBXNativeTarget;
			buildConfigurationList = 00000000000000000000000B /* Build configuration list for PBXNativeTarget "MaestroFelix" */;
			buildPhases = (
				000000000000000000000006 /* Sources */,
				000000000000000000000007 /* Frameworks */,
				000000000000000000000008 /* Resources */,
			);
			buildRules = (
			);
			dependencies = (
			);
			name = MaestroFelix;
			packageProductDependencies = (
				0000000000000000000009A1 /* FelixGlass */,
			);
			productName = MaestroFelix;
			productReference = 000000000000000000000005 /* MaestroFelix.app */;
			productType = "com.apple.product-type.application";
		};
		0000000000000000000002F0 /* MaestroFelixTests */ = {
			isa = PBXNativeTarget;
			buildConfigurationList = 0000000000000000000002F5 /* Build configuration list for PBXNativeTarget "MaestroFelixTests" */;
			buildPhases = (
				0000000000000000000002F2 /* Sources */,
				0000000000000000000002F3 /* Frameworks */,
				0000000000000000000002F4 /* Resources */,
			);
			buildRules = (
			);
			dependencies = (
				0000000000000000000002F8 /* PBXTargetDependency */,
			);
			name = MaestroFelixTests;
			productName = MaestroFelixTests;
			productReference = 0000000000000000000002F1 /* MaestroFelixTests.xctest */;
			productType = "com.apple.product-type.bundle.unit-test";
		};
/* End PBXNativeTarget section */

/* Begin PBXProject section */
		000000000000000000000001 /* Project object */ = {
			isa = PBXProject;
			attributes = {
				LastUpgradeCheck = 1600;
			};
			buildConfigurationList = 00000000000000000000000A /* Build configuration list for PBXProject "MaestroFelix" */;
			compatibilityVersion = "Xcode 14.0";
			developmentRegion = ru;
			hasScannedForEncodings = 0;
			knownRegions = (
				ru,
				en,
				Base,
			);
			mainGroup = 000000000000000000000002;
			packageReferences = (
				0000000000000000000009A0 /* XCLocalSwiftPackageReference "Packages/FelixGlass" */,
			);
			productRefGroup = 000000000000000000000003 /* Products */;
			projectDirPath = "";
			projectRoot = "";
			targets = (
				000000000000000000000004 /* MaestroFelix */,
				0000000000000000000002F0 /* MaestroFelixTests */,
			);
		};
/* End PBXProject section */

/* Begin PBXResourcesBuildPhase section */
		000000000000000000000008 /* Resources */ = {
			isa = PBXResourcesBuildPhase;
			buildActionMask = 2147483647;
			files = (
				00000000000000000000001F /* MaestroFelix/Resources/Assets.xcassets in Resources */,
				000000000000000000000467 /* MaestroFelix/Resources/PrivacyInfo.xcprivacy in Resources */,
			);
			runOnlyForDeploymentPostprocessing = 0;
		};
		0000000000000000000002F4 /* Resources */ = {
			isa = PBXResourcesBuildPhase;
			buildActionMask = 2147483647;
			files = (
			);
			runOnlyForDeploymentPostprocessing = 0;
		};
/* End PBXResourcesBuildPhase section */

/* Begin PBXSourcesBuildPhase section */
		000000000000000000000006 /* Sources */ = {
			isa = PBXSourcesBuildPhase;
			buildActionMask = 2147483647;
			files = (
				000000000000000000000505 /* MaestroFelix/Features/Profile/TrainingStartView.swift in Sources */,
				000000000000000000000503 /* MaestroFelix/Features/App/AdaptiveTrainingModel.swift in Sources */,
				000000000000000000000501 /* MaestroFelix/Domain/AdaptiveTraining.swift in Sources */,
				000000000000000000000193 /* MaestroFelix/Features/Onboarding/OnboardingModel.swift in Sources */,
				000000000000000000000195 /* MaestroFelix/DesignSystem/FelixControls.swift in Sources */,
				000000000000000000000197 /* MaestroFelix/Features/Profile/ProfileSummaryViews.swift in Sources */,
				000000000000000000000191 /* MaestroFelix/Domain/ProfileRepository.swift in Sources */,
				0000000000000000000000C8 /* MaestroFelix/App/MaestroFelixApp.swift in Sources */,
				0000000000000000000000C9 /* MaestroFelix/Data/ProfileStore.swift in Sources */,
				0000000000000000000000CA /* MaestroFelix/DesignSystem/FelixTheme.swift in Sources */,
				0000000000000000000000CB /* MaestroFelix/Domain/OnboardingProfile.swift in Sources */,
				0000000000000000000000CC /* MaestroFelix/Features/Onboarding/OnboardingRootView.swift in Sources */,
				000000000000000000000199 /* MaestroFelix/Features/Onboarding/BodyMap.swift in Sources */,
				00000000000000000000019B /* MaestroFelix/Features/Onboarding/LimitationsStep.swift in Sources */,
				00000000000000000000019D /* MaestroFelix/Features/Onboarding/ScheduleStep.swift in Sources */,
				00000000000000000000019F /* MaestroFelix/Features/Onboarding/BodyFigure.swift in Sources */,
				0000000000000000000001A1 /* MaestroFelix/Features/Onboarding/BodyScanStage.swift in Sources */,
				0000000000000000000001A3 /* MaestroFelix/Features/Onboarding/OnboardingIntro.swift in Sources */,
				0000000000000000000001A5 /* MaestroFelix/Features/Onboarding/CharacterSelect.swift in Sources */,
				0000000000000000000001A7 /* MaestroFelix/Features/Onboarding/GoalCarousel.swift in Sources */,
				0000000000000000000001AB /* MaestroFelix/Features/Onboarding/BodyArt.swift in Sources */,
				0000000000000000000001AD /* MaestroFelix/Features/Onboarding/NeuralCore.swift in Sources */,
				0000000000000000000001AF /* MaestroFelix/Features/Onboarding/OnboardingStepper.swift in Sources */,
				0000000000000000000001B1 /* MaestroFelix/DesignSystem/FelixMotion.swift in Sources */,
				0000000000000000000001B3 /* MaestroFelix/Features/Onboarding/LevelMascot.swift in Sources */,
				0000000000000000000001B5 /* MaestroFelix/Domain/Workout.swift in Sources */,
				0000000000000000000001B7 /* MaestroFelix/Domain/WorkoutPlanner.swift in Sources */,
				0000000000000000000001B9 /* MaestroFelix/Features/Workout/WorkoutModel.swift in Sources */,
				0000000000000000000001BB /* MaestroFelix/Features/Workout/ExerciseRunnerView.swift in Sources */,
				0000000000000000000001BD /* MaestroFelix/Features/Workout/WorkoutSessionView.swift in Sources */,
				000000000000000000000401 /* MaestroFelix/Domain/BodyWeight.swift in Sources */,
				000000000000000000000403 /* MaestroFelix/Domain/Coach.swift in Sources */,
				000000000000000000000405 /* MaestroFelix/Domain/DayKey.swift in Sources */,
				000000000000000000000407 /* MaestroFelix/Domain/DocumentStore.swift in Sources */,
				000000000000000000000409 /* MaestroFelix/Domain/ExerciseInfo.swift in Sources */,
				00000000000000000000040B /* MaestroFelix/Domain/Progress.swift in Sources */,
				00000000000000000000040D /* MaestroFelix/Domain/Reminders.swift in Sources */,
				00000000000000000000040F /* MaestroFelix/Domain/Schedule.swift in Sources */,
				000000000000000000000411 /* MaestroFelix/Domain/TrainingCalendar.swift in Sources */,
				000000000000000000000421 /* MaestroFelix/App/AppDelegate.swift in Sources */,
				000000000000000000000423 /* MaestroFelix/Data/NotificationScheduler.swift in Sources */,
				000000000000000000000425 /* MaestroFelix/DesignSystem/FelixComponents.swift in Sources */,
				000000000000000000000427 /* MaestroFelix/Features/App/AppCoordinator.swift in Sources */,
				000000000000000000000429 /* MaestroFelix/Features/App/CoachModel.swift in Sources */,
				00000000000000000000042B /* MaestroFelix/Features/App/MainTabView.swift in Sources */,
				00000000000000000000042D /* MaestroFelix/Features/App/ProgressModel.swift in Sources */,
				00000000000000000000042F /* MaestroFelix/Features/App/RemindersModel.swift in Sources */,
				000000000000000000000431 /* MaestroFelix/Features/App/ScheduleModel.swift in Sources */,
				000000000000000000000433 /* MaestroFelix/Features/App/WeightModel.swift in Sources */,
				000000000000000000000435 /* MaestroFelix/Features/Plan/PlanScreen.swift in Sources */,
				000000000000000000000437 /* MaestroFelix/Features/Plan/ScheduleSheets.swift in Sources */,
				000000000000000000000439 /* MaestroFelix/Features/Plan/SessionDetailView.swift in Sources */,
				00000000000000000000043B /* MaestroFelix/Features/Profile/CoachPickerView.swift in Sources */,
				00000000000000000000043D /* MaestroFelix/Features/Profile/DataSettingsView.swift in Sources */,
				00000000000000000000043F /* MaestroFelix/Features/Profile/ProfileScreen.swift in Sources */,
				000000000000000000000441 /* MaestroFelix/Features/Profile/RemindersSettingsView.swift in Sources */,
				000000000000000000000443 /* MaestroFelix/Features/Progress/HistoryViews.swift in Sources */,
				000000000000000000000445 /* MaestroFelix/Features/Progress/ProgressScreen.swift in Sources */,
				000000000000000000000447 /* MaestroFelix/Features/Progress/WeightViews.swift in Sources */,
				000000000000000000000449 /* MaestroFelix/Features/Today/CoachCard.swift in Sources */,
				00000000000000000000044B /* MaestroFelix/Features/Today/RestDayCard.swift in Sources */,
				00000000000000000000044D /* MaestroFelix/Features/Today/TodayScreen.swift in Sources */,
				00000000000000000000044F /* MaestroFelix/Features/Today/TodaySessionCard.swift in Sources */,
				000000000000000000000451 /* MaestroFelix/Features/Today/WeekStrip.swift in Sources */,
				000000000000000000000453 /* MaestroFelix/Features/Workout/ExerciseTechniqueSheet.swift in Sources */,
				000000000000000000000455 /* MaestroFelix/Features/Workout/MuscleHighlightView.swift in Sources */,
				000000000000000000000457 /* MaestroFelix/Features/Workout/SetInputCard.swift in Sources */,
				000000000000000000000459 /* MaestroFelix/Features/Workout/WorkoutRatingView.swift in Sources */,
				00000000000000000000045B /* MaestroFelix/Features/Workout/WorkoutSession.swift in Sources */,
				00000000000000000000045D /* MaestroFelix/Features/Workout/WorkoutSummaryView.swift in Sources */,
				000000000000000000000469 /* MaestroFelix/DesignSystem/FelixTabBar.swift in Sources */,
				00000000000000000000046B /* MaestroFelix/Domain/Records.swift in Sources */,
				000000000000000000000471 /* MaestroFelix/Domain/WeekOverview.swift in Sources */,
				000000000000000000000475 /* MaestroFelix/Features/Plan/PlanLoadCard.swift in Sources */,
				000000000000000000000477 /* MaestroFelix/Features/Plan/PlanRestDays.swift in Sources */,
				000000000000000000000479 /* MaestroFelix/Features/Plan/PlanSessionCard.swift in Sources */,
				00000000000000000000047B /* MaestroFelix/Features/Plan/PlanWeekCard.swift in Sources */,
				00000000000000000000047D /* MaestroFelix/Domain/ExerciseSwaps.swift in Sources */,
				000000000000000000000481 /* MaestroFelix/Features/Plan/SwapExerciseSheet.swift in Sources */,
				000000000000000000000483 /* MaestroFelix/Features/Plan/StatusLegend.swift in Sources */,
				000000000000000000000485 /* MaestroFelix/Domain/LightBlocks.swift in Sources */,
				000000000000000000000487 /* MaestroFelix/Domain/StrengthProgress.swift in Sources */,
				00000000000000000000048B /* MaestroFelix/Features/Progress/StrengthCards.swift in Sources */,
				00000000000000000000048D /* MaestroFelix/Domain/WorkoutLogSummary.swift in Sources */,
				00000000000000000000048F /* MaestroFelix/Features/Workout/WorkoutResultsBlock.swift in Sources */,
				000000000000000000000493 /* MaestroFelix/Domain/HistoryCalendar.swift in Sources */,
				000000000000000000000497 /* MaestroFelix/Features/Progress/HistoryCalendarView.swift in Sources */,
				000000000000000000000499 /* MaestroFelix/Domain/PlanPreview.swift in Sources */,
				00000000000000000000049B /* MaestroFelix/Features/Onboarding/PlanPreviewViews.swift in Sources */,
				00000000000000000000049F /* MaestroFelix/Features/Profile/AboutView.swift in Sources */,
			);
			runOnlyForDeploymentPostprocessing = 0;
		};
		0000000000000000000002F2 /* Sources */ = {
			isa = PBXSourcesBuildPhase;
			buildActionMask = 2147483647;
			files = (
				000000000000000000000507 /* MaestroFelixTests/AdaptiveTrainingTests.swift in Sources */,
				000000000000000000000413 /* MaestroFelixTests/CoachTests.swift in Sources */,
				000000000000000000000415 /* MaestroFelixTests/DayKeyTests.swift in Sources */,
				000000000000000000000417 /* MaestroFelixTests/ProgressTests.swift in Sources */,
				000000000000000000000419 /* MaestroFelixTests/ReminderTests.swift in Sources */,
				00000000000000000000041B /* MaestroFelixTests/ScheduleTests.swift in Sources */,
				00000000000000000000041D /* MaestroFelixTests/TestSupport.swift in Sources */,
				00000000000000000000041F /* MaestroFelixTests/WorkoutDomainTests.swift in Sources */,
				00000000000000000000045F /* MaestroFelixTests/CoordinatorTests.swift in Sources */,
				000000000000000000000461 /* MaestroFelixTests/SessionTests.swift in Sources */,
				000000000000000000000463 /* MaestroFelixTests/StoreTests.swift in Sources */,
				000000000000000000000465 /* MaestroFelixTests/TestDoubles.swift in Sources */,
				00000000000000000000046D /* MaestroFelixTests/RecordsTests.swift in Sources */,
				00000000000000000000046F /* MaestroFelixTests/SetKindTests.swift in Sources */,
				000000000000000000000473 /* MaestroFelixTests/WeekOverviewTests.swift in Sources */,
				00000000000000000000047F /* MaestroFelixTests/ExerciseSwapTests.swift in Sources */,
				000000000000000000000489 /* MaestroFelixTests/StrengthProgressTests.swift in Sources */,
				000000000000000000000491 /* MaestroFelixTests/HistoryDetailTests.swift in Sources */,
				000000000000000000000495 /* MaestroFelixTests/HistoryCalendarTests.swift in Sources */,
				00000000000000000000049D /* MaestroFelixTests/PlanPreviewTests.swift in Sources */,
				0000000000000000000004A1 /* MaestroFelixTests/ProfileEditTests.swift in Sources */,
			);
			runOnlyForDeploymentPostprocessing = 0;
		};
/* End PBXSourcesBuildPhase section */

/* Begin PBXTargetDependency section */
		0000000000000000000002F8 /* PBXTargetDependency */ = {
			isa = PBXTargetDependency;
			target = 000000000000000000000004 /* MaestroFelix */;
			targetProxy = 0000000000000000000002F9 /* PBXContainerItemProxy */;
		};
/* End PBXTargetDependency section */

/* Begin XCBuildConfiguration section */
		00000000000000000000000C /* Debug */ = {
			isa = XCBuildConfiguration;
			buildSettings = {
				CLANG_ENABLE_MODULES = YES;
				DEBUG_INFORMATION_FORMAT = dwarf;
				ENABLE_TESTABILITY = YES;
				IPHONEOS_DEPLOYMENT_TARGET = 18.6;
				ONLY_ACTIVE_ARCH = YES;
				SDKROOT = iphoneos;
				SWIFT_ACTIVE_COMPILATION_CONDITIONS = DEBUG;
				SWIFT_OPTIMIZATION_LEVEL = "-Onone";
				SWIFT_VERSION = 5.0;
				TARGETED_DEVICE_FAMILY = 1;
			};
			name = Debug;
		};
		00000000000000000000000D /* Release */ = {
			isa = XCBuildConfiguration;
			buildSettings = {
				CLANG_ENABLE_MODULES = YES;
				DEBUG_INFORMATION_FORMAT = "dwarf-with-dsym";
				IPHONEOS_DEPLOYMENT_TARGET = 18.6;
				SDKROOT = iphoneos;
				SWIFT_COMPILATION_MODE = wholemodule;
				SWIFT_VERSION = 5.0;
				TARGETED_DEVICE_FAMILY = 1;
			};
			name = Release;
		};
		00000000000000000000000E /* Debug */ = {
			isa = XCBuildConfiguration;
			buildSettings = {
				ASSETCATALOG_COMPILER_APPICON_NAME = AppIcon;
				ASSETCATALOG_COMPILER_GLOBAL_ACCENT_COLOR_NAME = AccentColor;
				CODE_SIGN_STYLE = Automatic;
				CURRENT_PROJECT_VERSION = 1;
				DEVELOPMENT_TEAM = RWPP2MJ6CM;
				GENERATE_INFOPLIST_FILE = YES;
				INFOPLIST_FILE = MaestroFelix/Resources/Info.plist;
				INFOPLIST_KEY_CFBundleDisplayName = "Maestro Felix";
				INFOPLIST_KEY_LSApplicationCategoryType = "public.app-category.healthcare-fitness";
				INFOPLIST_KEY_UIApplicationSceneManifest_Generation = YES;
				INFOPLIST_KEY_UISupportedInterfaceOrientations = UIInterfaceOrientationPortrait;
				MARKETING_VERSION = 0.1.0;
				PRODUCT_BUNDLE_IDENTIFIER = com.maestrofelix.app;
				PRODUCT_NAME = "$(TARGET_NAME)";
				SWIFT_EMIT_LOC_STRINGS = YES;
			};
			name = Debug;
		};
		00000000000000000000000F /* Release */ = {
			isa = XCBuildConfiguration;
			buildSettings = {
				ASSETCATALOG_COMPILER_APPICON_NAME = AppIcon;
				ASSETCATALOG_COMPILER_GLOBAL_ACCENT_COLOR_NAME = AccentColor;
				CODE_SIGN_STYLE = Automatic;
				CURRENT_PROJECT_VERSION = 1;
				DEVELOPMENT_TEAM = RWPP2MJ6CM;
				GENERATE_INFOPLIST_FILE = YES;
				INFOPLIST_FILE = MaestroFelix/Resources/Info.plist;
				INFOPLIST_KEY_CFBundleDisplayName = "Maestro Felix";
				INFOPLIST_KEY_LSApplicationCategoryType = "public.app-category.healthcare-fitness";
				INFOPLIST_KEY_UIApplicationSceneManifest_Generation = YES;
				INFOPLIST_KEY_UISupportedInterfaceOrientations = UIInterfaceOrientationPortrait;
				MARKETING_VERSION = 0.1.0;
				PRODUCT_BUNDLE_IDENTIFIER = com.maestrofelix.app;
				PRODUCT_NAME = "$(TARGET_NAME)";
				SWIFT_EMIT_LOC_STRINGS = YES;
			};
			name = Release;
		};
		0000000000000000000002F6 /* Debug */ = {
			isa = XCBuildConfiguration;
			buildSettings = {
				BUNDLE_LOADER = "$(TEST_HOST)";
				CODE_SIGN_STYLE = Automatic;
				GENERATE_INFOPLIST_FILE = YES;
				IPHONEOS_DEPLOYMENT_TARGET = 18.6;
				PRODUCT_BUNDLE_IDENTIFIER = com.maestrofelix.tests;
				PRODUCT_NAME = "$(TARGET_NAME)";
				SDKROOT = iphoneos;
				SWIFT_VERSION = 5.0;
				TARGETED_DEVICE_FAMILY = 1;
				TEST_HOST = "$(BUILT_PRODUCTS_DIR)/MaestroFelix.app/MaestroFelix";
			};
			name = Debug;
		};
		0000000000000000000002F7 /* Release */ = {
			isa = XCBuildConfiguration;
			buildSettings = {
				BUNDLE_LOADER = "$(TEST_HOST)";
				CODE_SIGN_STYLE = Automatic;
				GENERATE_INFOPLIST_FILE = YES;
				IPHONEOS_DEPLOYMENT_TARGET = 18.6;
				PRODUCT_BUNDLE_IDENTIFIER = com.maestrofelix.tests;
				PRODUCT_NAME = "$(TARGET_NAME)";
				SDKROOT = iphoneos;
				SWIFT_VERSION = 5.0;
				TARGETED_DEVICE_FAMILY = 1;
				TEST_HOST = "$(BUILT_PRODUCTS_DIR)/MaestroFelix.app/MaestroFelix";
			};
			name = Release;
		};
/* End XCBuildConfiguration section */

/* Begin XCConfigurationList section */
		00000000000000000000000A /* Build configuration list for PBXProject "MaestroFelix" */ = {
			isa = XCConfigurationList;
			buildConfigurations = (
				00000000000000000000000C /* Debug */,
				00000000000000000000000D /* Release */,
			);
			defaultConfigurationIsVisible = 0;
			defaultConfigurationName = Release;
		};
		00000000000000000000000B /* Build configuration list for PBXNativeTarget "MaestroFelix" */ = {
			isa = XCConfigurationList;
			buildConfigurations = (
				00000000000000000000000E /* Debug */,
				00000000000000000000000F /* Release */,
			);
			defaultConfigurationIsVisible = 0;
			defaultConfigurationName = Release;
		};
		0000000000000000000002F5 /* Build configuration list for PBXNativeTarget "MaestroFelixTests" */ = {
			isa = XCConfigurationList;
			buildConfigurations = (
				0000000000000000000002F6 /* Debug */,
				0000000000000000000002F7 /* Release */,
			);
			defaultConfigurationIsVisible = 0;
			defaultConfigurationName = Release;
		};
/* End XCConfigurationList section */

/* Begin XCLocalSwiftPackageReference section */
		0000000000000000000009A0 /* XCLocalSwiftPackageReference "Packages/FelixGlass" */ = {
			isa = XCLocalSwiftPackageReference;
			relativePath = Packages/FelixGlass;
		};
/* End XCLocalSwiftPackageReference section */

/* Begin XCSwiftPackageProductDependency section */
		0000000000000000000009A1 /* FelixGlass */ = {
			isa = XCSwiftPackageProductDependency;
			productName = FelixGlass;
		};
/* End XCSwiftPackageProductDependency section */
	};
	rootObject = 000000000000000000000001 /* Project object */;
}
