// !$*UTF8*$!
{archiveVersion = 1; classes = {}; objectVersion = 56; objects = {
000000000000000000000506 = {isa = PBXFileReference; lastKnownFileType = sourcecode.swift; path = "MaestroFelixTests/AdaptiveTrainingTests.swift"; sourceTree = SOURCE_ROOT; };
000000000000000000000507 = {isa = PBXBuildFile; fileRef = 000000000000000000000506; };
000000000000000000000500 = {isa = PBXFileReference; lastKnownFileType = sourcecode.swift; path = "MaestroFelix/Domain/AdaptiveTraining.swift"; sourceTree = SOURCE_ROOT; };
000000000000000000000501 = {isa = PBXBuildFile; fileRef = 000000000000000000000500; };
000000000000000000000502 = {isa = PBXFileReference; lastKnownFileType = sourcecode.swift; path = "MaestroFelix/Features/App/AdaptiveTrainingModel.swift"; sourceTree = SOURCE_ROOT; };
000000000000000000000503 = {isa = PBXBuildFile; fileRef = 000000000000000000000502; };
000000000000000000000504 = {isa = PBXFileReference; lastKnownFileType = sourcecode.swift; path = "MaestroFelix/Features/Profile/TrainingStartView.swift"; sourceTree = SOURCE_ROOT; };
000000000000000000000505 = {isa = PBXBuildFile; fileRef = 000000000000000000000504; };
000000000000000000000192 = {isa = PBXFileReference; lastKnownFileType = sourcecode.swift; path = "MaestroFelix/Features/Onboarding/OnboardingModel.swift"; sourceTree = SOURCE_ROOT; };
000000000000000000000193 = {isa = PBXBuildFile; fileRef = 000000000000000000000192; };
000000000000000000000194 = {isa = PBXFileReference; lastKnownFileType = sourcecode.swift; path = "MaestroFelix/DesignSystem/FelixControls.swift"; sourceTree = SOURCE_ROOT; };
000000000000000000000195 = {isa = PBXBuildFile; fileRef = 000000000000000000000194; };
000000000000000000000196 = {isa = PBXFileReference; lastKnownFileType = sourcecode.swift; path = "MaestroFelix/Features/Profile/ProfileSummaryViews.swift"; sourceTree = SOURCE_ROOT; };
000000000000000000000197 = {isa = PBXBuildFile; fileRef = 000000000000000000000196; };
000000000000000000000190 = {isa = PBXFileReference; lastKnownFileType = sourcecode.swift; path = "MaestroFelix/Domain/ProfileRepository.swift"; sourceTree = SOURCE_ROOT; };
000000000000000000000191 = {isa = PBXBuildFile; fileRef = 000000000000000000000190; };
000000000000000000000064 = {isa = PBXFileReference; lastKnownFileType = sourcecode.swift; path = "MaestroFelix/App/MaestroFelixApp.swift"; sourceTree = SOURCE_ROOT; };
0000000000000000000000C8 = {isa = PBXBuildFile; fileRef = 000000000000000000000064; };
000000000000000000000065 = {isa = PBXFileReference; lastKnownFileType = sourcecode.swift; path = "MaestroFelix/Data/ProfileStore.swift"; sourceTree = SOURCE_ROOT; };
0000000000000000000000C9 = {isa = PBXBuildFile; fileRef = 000000000000000000000065; };
000000000000000000000066 = {isa = PBXFileReference; lastKnownFileType = sourcecode.swift; path = "MaestroFelix/DesignSystem/FelixTheme.swift"; sourceTree = SOURCE_ROOT; };
0000000000000000000000CA = {isa = PBXBuildFile; fileRef = 000000000000000000000066; };
000000000000000000000067 = {isa = PBXFileReference; lastKnownFileType = sourcecode.swift; path = "MaestroFelix/Domain/OnboardingProfile.swift"; sourceTree = SOURCE_ROOT; };
0000000000000000000000CB = {isa = PBXBuildFile; fileRef = 000000000000000000000067; };
000000000000000000000068 = {isa = PBXFileReference; lastKnownFileType = sourcecode.swift; path = "MaestroFelix/Features/Onboarding/OnboardingRootView.swift"; sourceTree = SOURCE_ROOT; };
0000000000000000000000CC = {isa = PBXBuildFile; fileRef = 000000000000000000000068; };
000000000000000000000198 = {isa = PBXFileReference; lastKnownFileType = sourcecode.swift; path = "MaestroFelix/Features/Onboarding/BodyMap.swift"; sourceTree = SOURCE_ROOT; };
000000000000000000000199 = {isa = PBXBuildFile; fileRef = 000000000000000000000198; };
00000000000000000000019A = {isa = PBXFileReference; lastKnownFileType = sourcecode.swift; path = "MaestroFelix/Features/Onboarding/LimitationsStep.swift"; sourceTree = SOURCE_ROOT; };
00000000000000000000019B = {isa = PBXBuildFile; fileRef = 00000000000000000000019A; };
00000000000000000000019C = {isa = PBXFileReference; lastKnownFileType = sourcecode.swift; path = "MaestroFelix/Features/Onboarding/ScheduleStep.swift"; sourceTree = SOURCE_ROOT; };
00000000000000000000019D = {isa = PBXBuildFile; fileRef = 00000000000000000000019C; };
00000000000000000000019E = {isa = PBXFileReference; lastKnownFileType = sourcecode.swift; path = "MaestroFelix/Features/Onboarding/BodyFigure.swift"; sourceTree = SOURCE_ROOT; };
00000000000000000000019F = {isa = PBXBuildFile; fileRef = 00000000000000000000019E; };
0000000000000000000001A0 = {isa = PBXFileReference; lastKnownFileType = sourcecode.swift; path = "MaestroFelix/Features/Onboarding/BodyScanStage.swift"; sourceTree = SOURCE_ROOT; };
0000000000000000000001A1 = {isa = PBXBuildFile; fileRef = 0000000000000000000001A0; };
0000000000000000000001A2 = {isa = PBXFileReference; lastKnownFileType = sourcecode.swift; path = "MaestroFelix/Features/Onboarding/OnboardingIntro.swift"; sourceTree = SOURCE_ROOT; };
0000000000000000000001A3 = {isa = PBXBuildFile; fileRef = 0000000000000000000001A2; };
0000000000000000000001A4 = {isa = PBXFileReference; lastKnownFileType = sourcecode.swift; path = "MaestroFelix/Features/Onboarding/CharacterSelect.swift"; sourceTree = SOURCE_ROOT; };
0000000000000000000001A5 = {isa = PBXBuildFile; fileRef = 0000000000000000000001A4; };
0000000000000000000001A6 = {isa = PBXFileReference; lastKnownFileType = sourcecode.swift; path = "MaestroFelix/Features/Onboarding/GoalCarousel.swift"; sourceTree = SOURCE_ROOT; };
0000000000000000000001A7 = {isa = PBXBuildFile; fileRef = 0000000000000000000001A6; };
0000000000000000000001AA = {isa = PBXFileReference; lastKnownFileType = sourcecode.swift; path = "MaestroFelix/Features/Onboarding/BodyArt.swift"; sourceTree = SOURCE_ROOT; };
0000000000000000000001AB = {isa = PBXBuildFile; fileRef = 0000000000000000000001AA; };
0000000000000000000001AC = {isa = PBXFileReference; lastKnownFileType = sourcecode.swift; path = "MaestroFelix/Features/Onboarding/NeuralCore.swift"; sourceTree = SOURCE_ROOT; };
0000000000000000000001AD = {isa = PBXBuildFile; fileRef = 0000000000000000000001AC; };
0000000000000000000001AE = {isa = PBXFileReference; lastKnownFileType = sourcecode.swift; path = "MaestroFelix/Features/Onboarding/OnboardingStepper.swift"; sourceTree = SOURCE_ROOT; };
0000000000000000000001AF = {isa = PBXBuildFile; fileRef = 0000000000000000000001AE; };
0000000000000000000001B0 = {isa = PBXFileReference; lastKnownFileType = sourcecode.swift; path = "MaestroFelix/DesignSystem/FelixMotion.swift"; sourceTree = SOURCE_ROOT; };
0000000000000000000001B1 = {isa = PBXBuildFile; fileRef = 0000000000000000000001B0; };
0000000000000000000001B2 = {isa = PBXFileReference; lastKnownFileType = sourcecode.swift; path = "MaestroFelix/Features/Onboarding/LevelMascot.swift"; sourceTree = SOURCE_ROOT; };
0000000000000000000001B3 = {isa = PBXBuildFile; fileRef = 0000000000000000000001B2; };
0000000000000000000001B4 = {isa = PBXFileReference; lastKnownFileType = sourcecode.swift; path = "MaestroFelix/Domain/Workout.swift"; sourceTree = SOURCE_ROOT; };
0000000000000000000001B5 = {isa = PBXBuildFile; fileRef = 0000000000000000000001B4; };
0000000000000000000001B6 = {isa = PBXFileReference; lastKnownFileType = sourcecode.swift; path = "MaestroFelix/Domain/WorkoutPlanner.swift"; sourceTree = SOURCE_ROOT; };
0000000000000000000001B7 = {isa = PBXBuildFile; fileRef = 0000000000000000000001B6; };
0000000000000000000001B8 = {isa = PBXFileReference; lastKnownFileType = sourcecode.swift; path = "MaestroFelix/Features/Workout/WorkoutModel.swift"; sourceTree = SOURCE_ROOT; };
0000000000000000000001B9 = {isa = PBXBuildFile; fileRef = 0000000000000000000001B8; };
0000000000000000000001BA = {isa = PBXFileReference; lastKnownFileType = sourcecode.swift; path = "MaestroFelix/Features/Workout/ExerciseRunnerView.swift"; sourceTree = SOURCE_ROOT; };
0000000000000000000001BB = {isa = PBXBuildFile; fileRef = 0000000000000000000001BA; };
0000000000000000000001BC = {isa = PBXFileReference; lastKnownFileType = sourcecode.swift; path = "MaestroFelix/Features/Workout/WorkoutSessionView.swift"; sourceTree = SOURCE_ROOT; };
0000000000000000000001BD = {isa = PBXBuildFile; fileRef = 0000000000000000000001BC; };
000000000000000000000400 = {isa = PBXFileReference; lastKnownFileType = sourcecode.swift; path = "MaestroFelix/Domain/BodyWeight.swift"; sourceTree = SOURCE_ROOT; };
000000000000000000000401 = {isa = PBXBuildFile; fileRef = 000000000000000000000400; };
000000000000000000000402 = {isa = PBXFileReference; lastKnownFileType = sourcecode.swift; path = "MaestroFelix/Domain/Coach.swift"; sourceTree = SOURCE_ROOT; };
000000000000000000000403 = {isa = PBXBuildFile; fileRef = 000000000000000000000402; };
000000000000000000000404 = {isa = PBXFileReference; lastKnownFileType = sourcecode.swift; path = "MaestroFelix/Domain/DayKey.swift"; sourceTree = SOURCE_ROOT; };
000000000000000000000405 = {isa = PBXBuildFile; fileRef = 000000000000000000000404; };
000000000000000000000406 = {isa = PBXFileReference; lastKnownFileType = sourcecode.swift; path = "MaestroFelix/Domain/DocumentStore.swift"; sourceTree = SOURCE_ROOT; };
000000000000000000000407 = {isa = PBXBuildFile; fileRef = 000000000000000000000406; };
000000000000000000000408 = {isa = PBXFileReference; lastKnownFileType = sourcecode.swift; path = "MaestroFelix/Domain/ExerciseInfo.swift"; sourceTree = SOURCE_ROOT; };
000000000000000000000409 = {isa = PBXBuildFile; fileRef = 000000000000000000000408; };
00000000000000000000040A = {isa = PBXFileReference; lastKnownFileType = sourcecode.swift; path = "MaestroFelix/Domain/Progress.swift"; sourceTree = SOURCE_ROOT; };
00000000000000000000040B = {isa = PBXBuildFile; fileRef = 00000000000000000000040A; };
00000000000000000000040C = {isa = PBXFileReference; lastKnownFileType = sourcecode.swift; path = "MaestroFelix/Domain/Reminders.swift"; sourceTree = SOURCE_ROOT; };
00000000000000000000040D = {isa = PBXBuildFile; fileRef = 00000000000000000000040C; };
00000000000000000000040E = {isa = PBXFileReference; lastKnownFileType = sourcecode.swift; path = "MaestroFelix/Domain/Schedule.swift"; sourceTree = SOURCE_ROOT; };
00000000000000000000040F = {isa = PBXBuildFile; fileRef = 00000000000000000000040E; };
000000000000000000000410 = {isa = PBXFileReference; lastKnownFileType = sourcecode.swift; path = "MaestroFelix/Domain/TrainingCalendar.swift"; sourceTree = SOURCE_ROOT; };
000000000000000000000411 = {isa = PBXBuildFile; fileRef = 000000000000000000000410; };
0000000000000000000002F0 = {isa = PBXNativeTarget; buildConfigurationList = 0000000000000000000002F5; buildPhases = (0000000000000000000002F2,0000000000000000000002F3,0000000000000000000002F4); buildRules = (); dependencies = (0000000000000000000002F8); name = MaestroFelixTests; productName = MaestroFelixTests; productReference = 0000000000000000000002F1; productType = "com.apple.product-type.bundle.unit-test"; };
0000000000000000000002F1 = {isa = PBXFileReference; explicitFileType = wrapper.cfbundle; includeInIndex = 0; path = MaestroFelixTests.xctest; sourceTree = BUILT_PRODUCTS_DIR; };
0000000000000000000002F2 = {isa = PBXSourcesBuildPhase; buildActionMask = 2147483647; files = (000000000000000000000507,000000000000000000000413,000000000000000000000415,000000000000000000000417,000000000000000000000419,00000000000000000000041B,00000000000000000000041D,00000000000000000000041F,00000000000000000000045F,000000000000000000000461,000000000000000000000463,000000000000000000000465,00000000000000000000046D,00000000000000000000046F,000000000000000000000473,00000000000000000000047F,000000000000000000000489,000000000000000000000491,000000000000000000000495,00000000000000000000049D,0000000000000000000004A1); runOnlyForDeploymentPostprocessing = 0; };
0000000000000000000002F3 = {isa = PBXFrameworksBuildPhase; buildActionMask = 2147483647; files = (); runOnlyForDeploymentPostprocessing = 0; };
0000000000000000000002F4 = {isa = PBXResourcesBuildPhase; buildActionMask = 2147483647; files = (); runOnlyForDeploymentPostprocessing = 0; };
0000000000000000000002F5 = {isa = XCConfigurationList; buildConfigurations = (0000000000000000000002F6,0000000000000000000002F7); defaultConfigurationIsVisible = 0; defaultConfigurationName = Release; };
0000000000000000000002F6 = {isa = XCBuildConfiguration; buildSettings = {BUNDLE_LOADER = "$(TEST_HOST)"; TEST_HOST = "$(BUILT_PRODUCTS_DIR)/MaestroFelix.app/MaestroFelix"; GENERATE_INFOPLIST_FILE = YES; PRODUCT_BUNDLE_IDENTIFIER = com.maestrofelix.tests; PRODUCT_NAME = "$(TARGET_NAME)"; SWIFT_VERSION = 5.0; IPHONEOS_DEPLOYMENT_TARGET = 18.6; SDKROOT = iphoneos; TARGETED_DEVICE_FAMILY = 1; CODE_SIGN_STYLE = Automatic;}; name = Debug; };
0000000000000000000002F7 = {isa = XCBuildConfiguration; buildSettings = {BUNDLE_LOADER = "$(TEST_HOST)"; TEST_HOST = "$(BUILT_PRODUCTS_DIR)/MaestroFelix.app/MaestroFelix"; GENERATE_INFOPLIST_FILE = YES; PRODUCT_BUNDLE_IDENTIFIER = com.maestrofelix.tests; PRODUCT_NAME = "$(TARGET_NAME)"; SWIFT_VERSION = 5.0; IPHONEOS_DEPLOYMENT_TARGET = 18.6; SDKROOT = iphoneos; TARGETED_DEVICE_FAMILY = 1; CODE_SIGN_STYLE = Automatic;}; name = Release; };
0000000000000000000002F8 = {isa = PBXTargetDependency; target = 000000000000000000000004; targetProxy = 0000000000000000000002F9; };
0000000000000000000002F9 = {isa = PBXContainerItemProxy; containerPortal = 000000000000000000000001; proxyType = 1; remoteGlobalIDString = 000000000000000000000004; remoteInfo = MaestroFelix; };
0000000000000000000002FA = {isa = PBXGroup; children = (000000000000000000000506,000000000000000000000412,000000000000000000000414,000000000000000000000416,000000000000000000000418,00000000000000000000041A,00000000000000000000041C,00000000000000000000041E,00000000000000000000045E,000000000000000000000460,000000000000000000000462,000000000000000000000464,00000000000000000000046C,00000000000000000000046E,000000000000000000000472,00000000000000000000047E,000000000000000000000488,000000000000000000000490,000000000000000000000494,00000000000000000000049C,0000000000000000000004A0); name = MaestroFelixTests; sourceTree = "<group>"; };
000000000000000000000412 = {isa = PBXFileReference; lastKnownFileType = sourcecode.swift; path = "MaestroFelixTests/CoachTests.swift"; sourceTree = SOURCE_ROOT; };
000000000000000000000413 = {isa = PBXBuildFile; fileRef = 000000000000000000000412; };
000000000000000000000414 = {isa = PBXFileReference; lastKnownFileType = sourcecode.swift; path = "MaestroFelixTests/DayKeyTests.swift"; sourceTree = SOURCE_ROOT; };
000000000000000000000415 = {isa = PBXBuildFile; fileRef = 000000000000000000000414; };
000000000000000000000416 = {isa = PBXFileReference; lastKnownFileType = sourcecode.swift; path = "MaestroFelixTests/ProgressTests.swift"; sourceTree = SOURCE_ROOT; };
000000000000000000000417 = {isa = PBXBuildFile; fileRef = 000000000000000000000416; };
000000000000000000000418 = {isa = PBXFileReference; lastKnownFileType = sourcecode.swift; path = "MaestroFelixTests/ReminderTests.swift"; sourceTree = SOURCE_ROOT; };
000000000000000000000419 = {isa = PBXBuildFile; fileRef = 000000000000000000000418; };
00000000000000000000041A = {isa = PBXFileReference; lastKnownFileType = sourcecode.swift; path = "MaestroFelixTests/ScheduleTests.swift"; sourceTree = SOURCE_ROOT; };
00000000000000000000041B = {isa = PBXBuildFile; fileRef = 00000000000000000000041A; };
00000000000000000000041C = {isa = PBXFileReference; lastKnownFileType = sourcecode.swift; path = "MaestroFelixTests/TestSupport.swift"; sourceTree = SOURCE_ROOT; };
00000000000000000000041D = {isa = PBXBuildFile; fileRef = 00000000000000000000041C; };
00000000000000000000041E = {isa = PBXFileReference; lastKnownFileType = sourcecode.swift; path = "MaestroFelixTests/WorkoutDomainTests.swift"; sourceTree = SOURCE_ROOT; };
00000000000000000000041F = {isa = PBXBuildFile; fileRef = 00000000000000000000041E; };
000000000000000000000420 = {isa = PBXFileReference; lastKnownFileType = sourcecode.swift; path = "MaestroFelix/App/AppDelegate.swift"; sourceTree = SOURCE_ROOT; };
000000000000000000000421 = {isa = PBXBuildFile; fileRef = 000000000000000000000420; };
000000000000000000000422 = {isa = PBXFileReference; lastKnownFileType = sourcecode.swift; path = "MaestroFelix/Data/NotificationScheduler.swift"; sourceTree = SOURCE_ROOT; };
000000000000000000000423 = {isa = PBXBuildFile; fileRef = 000000000000000000000422; };
000000000000000000000424 = {isa = PBXFileReference; lastKnownFileType = sourcecode.swift; path = "MaestroFelix/DesignSystem/FelixComponents.swift"; sourceTree = SOURCE_ROOT; };
000000000000000000000425 = {isa = PBXBuildFile; fileRef = 000000000000000000000424; };
000000000000000000000426 = {isa = PBXFileReference; lastKnownFileType = sourcecode.swift; path = "MaestroFelix/Features/App/AppCoordinator.swift"; sourceTree = SOURCE_ROOT; };
000000000000000000000427 = {isa = PBXBuildFile; fileRef = 000000000000000000000426; };
000000000000000000000428 = {isa = PBXFileReference; lastKnownFileType = sourcecode.swift; path = "MaestroFelix/Features/App/CoachModel.swift"; sourceTree = SOURCE_ROOT; };
000000000000000000000429 = {isa = PBXBuildFile; fileRef = 000000000000000000000428; };
00000000000000000000042A = {isa = PBXFileReference; lastKnownFileType = sourcecode.swift; path = "MaestroFelix/Features/App/MainTabView.swift"; sourceTree = SOURCE_ROOT; };
00000000000000000000042B = {isa = PBXBuildFile; fileRef = 00000000000000000000042A; };
00000000000000000000042C = {isa = PBXFileReference; lastKnownFileType = sourcecode.swift; path = "MaestroFelix/Features/App/ProgressModel.swift"; sourceTree = SOURCE_ROOT; };
00000000000000000000042D = {isa = PBXBuildFile; fileRef = 00000000000000000000042C; };
00000000000000000000042E = {isa = PBXFileReference; lastKnownFileType = sourcecode.swift; path = "MaestroFelix/Features/App/RemindersModel.swift"; sourceTree = SOURCE_ROOT; };
00000000000000000000042F = {isa = PBXBuildFile; fileRef = 00000000000000000000042E; };
000000000000000000000430 = {isa = PBXFileReference; lastKnownFileType = sourcecode.swift; path = "MaestroFelix/Features/App/ScheduleModel.swift"; sourceTree = SOURCE_ROOT; };
000000000000000000000431 = {isa = PBXBuildFile; fileRef = 000000000000000000000430; };
000000000000000000000432 = {isa = PBXFileReference; lastKnownFileType = sourcecode.swift; path = "MaestroFelix/Features/App/WeightModel.swift"; sourceTree = SOURCE_ROOT; };
000000000000000000000433 = {isa = PBXBuildFile; fileRef = 000000000000000000000432; };
000000000000000000000434 = {isa = PBXFileReference; lastKnownFileType = sourcecode.swift; path = "MaestroFelix/Features/Plan/PlanScreen.swift"; sourceTree = SOURCE_ROOT; };
000000000000000000000435 = {isa = PBXBuildFile; fileRef = 000000000000000000000434; };
000000000000000000000436 = {isa = PBXFileReference; lastKnownFileType = sourcecode.swift; path = "MaestroFelix/Features/Plan/ScheduleSheets.swift"; sourceTree = SOURCE_ROOT; };
000000000000000000000437 = {isa = PBXBuildFile; fileRef = 000000000000000000000436; };
000000000000000000000438 = {isa = PBXFileReference; lastKnownFileType = sourcecode.swift; path = "MaestroFelix/Features/Plan/SessionDetailView.swift"; sourceTree = SOURCE_ROOT; };
000000000000000000000439 = {isa = PBXBuildFile; fileRef = 000000000000000000000438; };
00000000000000000000043A = {isa = PBXFileReference; lastKnownFileType = sourcecode.swift; path = "MaestroFelix/Features/Profile/CoachPickerView.swift"; sourceTree = SOURCE_ROOT; };
00000000000000000000043B = {isa = PBXBuildFile; fileRef = 00000000000000000000043A; };
00000000000000000000043C = {isa = PBXFileReference; lastKnownFileType = sourcecode.swift; path = "MaestroFelix/Features/Profile/DataSettingsView.swift"; sourceTree = SOURCE_ROOT; };
00000000000000000000043D = {isa = PBXBuildFile; fileRef = 00000000000000000000043C; };
00000000000000000000043E = {isa = PBXFileReference; lastKnownFileType = sourcecode.swift; path = "MaestroFelix/Features/Profile/ProfileScreen.swift"; sourceTree = SOURCE_ROOT; };
00000000000000000000043F = {isa = PBXBuildFile; fileRef = 00000000000000000000043E; };
000000000000000000000440 = {isa = PBXFileReference; lastKnownFileType = sourcecode.swift; path = "MaestroFelix/Features/Profile/RemindersSettingsView.swift"; sourceTree = SOURCE_ROOT; };
000000000000000000000441 = {isa = PBXBuildFile; fileRef = 000000000000000000000440; };
000000000000000000000442 = {isa = PBXFileReference; lastKnownFileType = sourcecode.swift; path = "MaestroFelix/Features/Progress/HistoryViews.swift"; sourceTree = SOURCE_ROOT; };
000000000000000000000443 = {isa = PBXBuildFile; fileRef = 000000000000000000000442; };
000000000000000000000444 = {isa = PBXFileReference; lastKnownFileType = sourcecode.swift; path = "MaestroFelix/Features/Progress/ProgressScreen.swift"; sourceTree = SOURCE_ROOT; };
000000000000000000000445 = {isa = PBXBuildFile; fileRef = 000000000000000000000444; };
000000000000000000000446 = {isa = PBXFileReference; lastKnownFileType = sourcecode.swift; path = "MaestroFelix/Features/Progress/WeightViews.swift"; sourceTree = SOURCE_ROOT; };
000000000000000000000447 = {isa = PBXBuildFile; fileRef = 000000000000000000000446; };
000000000000000000000448 = {isa = PBXFileReference; lastKnownFileType = sourcecode.swift; path = "MaestroFelix/Features/Today/CoachCard.swift"; sourceTree = SOURCE_ROOT; };
000000000000000000000449 = {isa = PBXBuildFile; fileRef = 000000000000000000000448; };
00000000000000000000044A = {isa = PBXFileReference; lastKnownFileType = sourcecode.swift; path = "MaestroFelix/Features/Today/RestDayCard.swift"; sourceTree = SOURCE_ROOT; };
00000000000000000000044B = {isa = PBXBuildFile; fileRef = 00000000000000000000044A; };
00000000000000000000044C = {isa = PBXFileReference; lastKnownFileType = sourcecode.swift; path = "MaestroFelix/Features/Today/TodayScreen.swift"; sourceTree = SOURCE_ROOT; };
00000000000000000000044D = {isa = PBXBuildFile; fileRef = 00000000000000000000044C; };
00000000000000000000044E = {isa = PBXFileReference; lastKnownFileType = sourcecode.swift; path = "MaestroFelix/Features/Today/TodaySessionCard.swift"; sourceTree = SOURCE_ROOT; };
00000000000000000000044F = {isa = PBXBuildFile; fileRef = 00000000000000000000044E; };
000000000000000000000450 = {isa = PBXFileReference; lastKnownFileType = sourcecode.swift; path = "MaestroFelix/Features/Today/WeekStrip.swift"; sourceTree = SOURCE_ROOT; };
000000000000000000000451 = {isa = PBXBuildFile; fileRef = 000000000000000000000450; };
000000000000000000000452 = {isa = PBXFileReference; lastKnownFileType = sourcecode.swift; path = "MaestroFelix/Features/Workout/ExerciseTechniqueSheet.swift"; sourceTree = SOURCE_ROOT; };
000000000000000000000453 = {isa = PBXBuildFile; fileRef = 000000000000000000000452; };
000000000000000000000454 = {isa = PBXFileReference; lastKnownFileType = sourcecode.swift; path = "MaestroFelix/Features/Workout/MuscleHighlightView.swift"; sourceTree = SOURCE_ROOT; };
000000000000000000000455 = {isa = PBXBuildFile; fileRef = 000000000000000000000454; };
000000000000000000000456 = {isa = PBXFileReference; lastKnownFileType = sourcecode.swift; path = "MaestroFelix/Features/Workout/SetInputCard.swift"; sourceTree = SOURCE_ROOT; };
000000000000000000000457 = {isa = PBXBuildFile; fileRef = 000000000000000000000456; };
000000000000000000000458 = {isa = PBXFileReference; lastKnownFileType = sourcecode.swift; path = "MaestroFelix/Features/Workout/WorkoutRatingView.swift"; sourceTree = SOURCE_ROOT; };
000000000000000000000459 = {isa = PBXBuildFile; fileRef = 000000000000000000000458; };
00000000000000000000045A = {isa = PBXFileReference; lastKnownFileType = sourcecode.swift; path = "MaestroFelix/Features/Workout/WorkoutSession.swift"; sourceTree = SOURCE_ROOT; };
00000000000000000000045B = {isa = PBXBuildFile; fileRef = 00000000000000000000045A; };
00000000000000000000045C = {isa = PBXFileReference; lastKnownFileType = sourcecode.swift; path = "MaestroFelix/Features/Workout/WorkoutSummaryView.swift"; sourceTree = SOURCE_ROOT; };
00000000000000000000045D = {isa = PBXBuildFile; fileRef = 00000000000000000000045C; };
00000000000000000000045E = {isa = PBXFileReference; lastKnownFileType = sourcecode.swift; path = "MaestroFelixTests/CoordinatorTests.swift"; sourceTree = SOURCE_ROOT; };
00000000000000000000045F = {isa = PBXBuildFile; fileRef = 00000000000000000000045E; };
000000000000000000000460 = {isa = PBXFileReference; lastKnownFileType = sourcecode.swift; path = "MaestroFelixTests/SessionTests.swift"; sourceTree = SOURCE_ROOT; };
000000000000000000000461 = {isa = PBXBuildFile; fileRef = 000000000000000000000460; };
000000000000000000000462 = {isa = PBXFileReference; lastKnownFileType = sourcecode.swift; path = "MaestroFelixTests/StoreTests.swift"; sourceTree = SOURCE_ROOT; };
000000000000000000000463 = {isa = PBXBuildFile; fileRef = 000000000000000000000462; };
000000000000000000000464 = {isa = PBXFileReference; lastKnownFileType = sourcecode.swift; path = "MaestroFelixTests/TestDoubles.swift"; sourceTree = SOURCE_ROOT; };
000000000000000000000465 = {isa = PBXBuildFile; fileRef = 000000000000000000000464; };
000000000000000000000466 = {isa = PBXFileReference; lastKnownFileType = text.xml; path = "MaestroFelix/Resources/PrivacyInfo.xcprivacy"; sourceTree = SOURCE_ROOT; };
000000000000000000000467 = {isa = PBXBuildFile; fileRef = 000000000000000000000466; };
000000000000000000000468 = {isa = PBXFileReference; lastKnownFileType = sourcecode.swift; path = "MaestroFelix/DesignSystem/FelixTabBar.swift"; sourceTree = SOURCE_ROOT; };
000000000000000000000469 = {isa = PBXBuildFile; fileRef = 000000000000000000000468; };
00000000000000000000046A = {isa = PBXFileReference; lastKnownFileType = sourcecode.swift; path = "MaestroFelix/Domain/Records.swift"; sourceTree = SOURCE_ROOT; };
00000000000000000000046B = {isa = PBXBuildFile; fileRef = 00000000000000000000046A; };
00000000000000000000046C = {isa = PBXFileReference; lastKnownFileType = sourcecode.swift; path = "MaestroFelixTests/RecordsTests.swift"; sourceTree = SOURCE_ROOT; };
00000000000000000000046D = {isa = PBXBuildFile; fileRef = 00000000000000000000046C; };
00000000000000000000046E = {isa = PBXFileReference; lastKnownFileType = sourcecode.swift; path = "MaestroFelixTests/SetKindTests.swift"; sourceTree = SOURCE_ROOT; };
00000000000000000000046F = {isa = PBXBuildFile; fileRef = 00000000000000000000046E; };
000000000000000000000470 = {isa = PBXFileReference; lastKnownFileType = sourcecode.swift; path = "MaestroFelix/Domain/WeekOverview.swift"; sourceTree = SOURCE_ROOT; };
000000000000000000000471 = {isa = PBXBuildFile; fileRef = 000000000000000000000470; };
000000000000000000000472 = {isa = PBXFileReference; lastKnownFileType = sourcecode.swift; path = "MaestroFelixTests/WeekOverviewTests.swift"; sourceTree = SOURCE_ROOT; };
000000000000000000000473 = {isa = PBXBuildFile; fileRef = 000000000000000000000472; };
000000000000000000000474 = {isa = PBXFileReference; lastKnownFileType = sourcecode.swift; path = "MaestroFelix/Features/Plan/PlanLoadCard.swift"; sourceTree = SOURCE_ROOT; };
000000000000000000000475 = {isa = PBXBuildFile; fileRef = 000000000000000000000474; };
000000000000000000000476 = {isa = PBXFileReference; lastKnownFileType = sourcecode.swift; path = "MaestroFelix/Features/Plan/PlanRestDays.swift"; sourceTree = SOURCE_ROOT; };
000000000000000000000477 = {isa = PBXBuildFile; fileRef = 000000000000000000000476; };
000000000000000000000478 = {isa = PBXFileReference; lastKnownFileType = sourcecode.swift; path = "MaestroFelix/Features/Plan/PlanSessionCard.swift"; sourceTree = SOURCE_ROOT; };
000000000000000000000479 = {isa = PBXBuildFile; fileRef = 000000000000000000000478; };
00000000000000000000047A = {isa = PBXFileReference; lastKnownFileType = sourcecode.swift; path = "MaestroFelix/Features/Plan/PlanWeekCard.swift"; sourceTree = SOURCE_ROOT; };
00000000000000000000047B = {isa = PBXBuildFile; fileRef = 00000000000000000000047A; };
00000000000000000000047C = {isa = PBXFileReference; lastKnownFileType = sourcecode.swift; path = "MaestroFelix/Domain/ExerciseSwaps.swift"; sourceTree = SOURCE_ROOT; };
00000000000000000000047D = {isa = PBXBuildFile; fileRef = 00000000000000000000047C; };
00000000000000000000047E = {isa = PBXFileReference; lastKnownFileType = sourcecode.swift; path = "MaestroFelixTests/ExerciseSwapTests.swift"; sourceTree = SOURCE_ROOT; };
00000000000000000000047F = {isa = PBXBuildFile; fileRef = 00000000000000000000047E; };
000000000000000000000480 = {isa = PBXFileReference; lastKnownFileType = sourcecode.swift; path = "MaestroFelix/Features/Plan/SwapExerciseSheet.swift"; sourceTree = SOURCE_ROOT; };
000000000000000000000481 = {isa = PBXBuildFile; fileRef = 000000000000000000000480; };
000000000000000000000482 = {isa = PBXFileReference; lastKnownFileType = sourcecode.swift; path = "MaestroFelix/Features/Plan/StatusLegend.swift"; sourceTree = SOURCE_ROOT; };
000000000000000000000483 = {isa = PBXBuildFile; fileRef = 000000000000000000000482; };
000000000000000000000484 = {isa = PBXFileReference; lastKnownFileType = sourcecode.swift; path = "MaestroFelix/Domain/LightBlocks.swift"; sourceTree = SOURCE_ROOT; };
000000000000000000000485 = {isa = PBXBuildFile; fileRef = 000000000000000000000484; };
000000000000000000000486 = {isa = PBXFileReference; lastKnownFileType = sourcecode.swift; path = "MaestroFelix/Domain/StrengthProgress.swift"; sourceTree = SOURCE_ROOT; };
000000000000000000000487 = {isa = PBXBuildFile; fileRef = 000000000000000000000486; };
000000000000000000000488 = {isa = PBXFileReference; lastKnownFileType = sourcecode.swift; path = "MaestroFelixTests/StrengthProgressTests.swift"; sourceTree = SOURCE_ROOT; };
000000000000000000000489 = {isa = PBXBuildFile; fileRef = 000000000000000000000488; };
00000000000000000000048A = {isa = PBXFileReference; lastKnownFileType = sourcecode.swift; path = "MaestroFelix/Features/Progress/StrengthCards.swift"; sourceTree = SOURCE_ROOT; };
00000000000000000000048B = {isa = PBXBuildFile; fileRef = 00000000000000000000048A; };
00000000000000000000048C = {isa = PBXFileReference; lastKnownFileType = sourcecode.swift; path = "MaestroFelix/Domain/WorkoutLogSummary.swift"; sourceTree = SOURCE_ROOT; };
00000000000000000000048D = {isa = PBXBuildFile; fileRef = 00000000000000000000048C; };
00000000000000000000048E = {isa = PBXFileReference; lastKnownFileType = sourcecode.swift; path = "MaestroFelix/Features/Workout/WorkoutResultsBlock.swift"; sourceTree = SOURCE_ROOT; };
00000000000000000000048F = {isa = PBXBuildFile; fileRef = 00000000000000000000048E; };
000000000000000000000490 = {isa = PBXFileReference; lastKnownFileType = sourcecode.swift; path = "MaestroFelixTests/HistoryDetailTests.swift"; sourceTree = SOURCE_ROOT; };
000000000000000000000491 = {isa = PBXBuildFile; fileRef = 000000000000000000000490; };
000000000000000000000492 = {isa = PBXFileReference; lastKnownFileType = sourcecode.swift; path = "MaestroFelix/Domain/HistoryCalendar.swift"; sourceTree = SOURCE_ROOT; };
000000000000000000000493 = {isa = PBXBuildFile; fileRef = 000000000000000000000492; };
000000000000000000000494 = {isa = PBXFileReference; lastKnownFileType = sourcecode.swift; path = "MaestroFelixTests/HistoryCalendarTests.swift"; sourceTree = SOURCE_ROOT; };
000000000000000000000495 = {isa = PBXBuildFile; fileRef = 000000000000000000000494; };
000000000000000000000496 = {isa = PBXFileReference; lastKnownFileType = sourcecode.swift; path = "MaestroFelix/Features/Progress/HistoryCalendarView.swift"; sourceTree = SOURCE_ROOT; };
000000000000000000000497 = {isa = PBXBuildFile; fileRef = 000000000000000000000496; };
000000000000000000000498 = {isa = PBXFileReference; lastKnownFileType = sourcecode.swift; path = "MaestroFelix/Domain/PlanPreview.swift"; sourceTree = SOURCE_ROOT; };
000000000000000000000499 = {isa = PBXBuildFile; fileRef = 000000000000000000000498; };
00000000000000000000049A = {isa = PBXFileReference; lastKnownFileType = sourcecode.swift; path = "MaestroFelix/Features/Onboarding/PlanPreviewViews.swift"; sourceTree = SOURCE_ROOT; };
00000000000000000000049B = {isa = PBXBuildFile; fileRef = 00000000000000000000049A; };
00000000000000000000049C = {isa = PBXFileReference; lastKnownFileType = sourcecode.swift; path = "MaestroFelixTests/PlanPreviewTests.swift"; sourceTree = SOURCE_ROOT; };
00000000000000000000049D = {isa = PBXBuildFile; fileRef = 00000000000000000000049C; };
00000000000000000000049E = {isa = PBXFileReference; lastKnownFileType = sourcecode.swift; path = "MaestroFelix/Features/Profile/AboutView.swift"; sourceTree = SOURCE_ROOT; };
00000000000000000000049F = {isa = PBXBuildFile; fileRef = 00000000000000000000049E; };
0000000000000000000004A0 = {isa = PBXFileReference; lastKnownFileType = sourcecode.swift; path = "MaestroFelixTests/ProfileEditTests.swift"; sourceTree = SOURCE_ROOT; };
0000000000000000000004A1 = {isa = PBXBuildFile; fileRef = 0000000000000000000004A0; };
000000000000000000000001 = {isa = PBXProject; attributes = {LastUpgradeCheck = 1600;}; buildConfigurationList = 00000000000000000000000A; compatibilityVersion = "Xcode 14.0"; developmentRegion = ru; knownRegions = (ru, en, Base); mainGroup = 000000000000000000000002; productRefGroup = 000000000000000000000003; projectDirPath = ""; projectRoot = ""; targets = (000000000000000000000004,0000000000000000000002F0); };
000000000000000000000002 = {isa = PBXGroup; children = (000000000000000000000504,000000000000000000000502,000000000000000000000500,000000000000000000000192,000000000000000000000194,000000000000000000000196,000000000000000000000190,000000000000000000000064,000000000000000000000065,000000000000000000000066,000000000000000000000067,000000000000000000000068,000000000000000000000198,00000000000000000000019A,00000000000000000000019C,00000000000000000000019E,0000000000000000000001A0,0000000000000000000001A2,0000000000000000000001A4,0000000000000000000001A6,0000000000000000000001AA,0000000000000000000001AC,0000000000000000000001AE,0000000000000000000001B0,0000000000000000000001B2,0000000000000000000001B4,0000000000000000000001B6,0000000000000000000001B8,0000000000000000000001BA,0000000000000000000001BC,00000000000000000000001E,000000000000000000000003,000000000000000000000400,000000000000000000000402,000000000000000000000404,000000000000000000000406,000000000000000000000408,00000000000000000000040A,00000000000000000000040C,00000000000000000000040E,000000000000000000000410,0000000000000000000002FA,000000000000000000000420,000000000000000000000422,000000000000000000000424,000000000000000000000426,000000000000000000000428,00000000000000000000042A,00000000000000000000042C,00000000000000000000042E,000000000000000000000430,000000000000000000000432,000000000000000000000434,000000000000000000000436,000000000000000000000438,00000000000000000000043A,00000000000000000000043C,00000000000000000000043E,000000000000000000000440,000000000000000000000442,000000000000000000000444,000000000000000000000446,000000000000000000000448,00000000000000000000044A,00000000000000000000044C,00000000000000000000044E,000000000000000000000450,000000000000000000000452,000000000000000000000454,000000000000000000000456,000000000000000000000458,00000000000000000000045A,00000000000000000000045C,000000000000000000000466,000000000000000000000468,00000000000000000000046A,000000000000000000000470,000000000000000000000474,000000000000000000000476,000000000000000000000478,00000000000000000000047A,00000000000000000000047C,000000000000000000000480,000000000000000000000482,000000000000000000000484,000000000000000000000486,00000000000000000000048A,00000000000000000000048C,00000000000000000000048E,000000000000000000000492,000000000000000000000496,000000000000000000000498,00000000000000000000049A,00000000000000000000049E); sourceTree = "<group>"; };
000000000000000000000003 = {isa = PBXGroup; children = (000000000000000000000005,0000000000000000000002F1); name = Products; sourceTree = "<group>"; };
000000000000000000000004 = {isa = PBXNativeTarget; buildConfigurationList = 00000000000000000000000B; buildPhases = (000000000000000000000006,000000000000000000000007,000000000000000000000008); buildRules = (); dependencies = (); name = MaestroFelix; productName = MaestroFelix; productReference = 000000000000000000000005; productType = "com.apple.product-type.application"; };
000000000000000000000005 = {isa = PBXFileReference; explicitFileType = wrapper.application; path = MaestroFelix.app; sourceTree = BUILT_PRODUCTS_DIR; };
000000000000000000000006 = {isa = PBXSourcesBuildPhase; buildActionMask = 2147483647; files = (000000000000000000000505,000000000000000000000503,000000000000000000000501,000000000000000000000193,000000000000000000000195,000000000000000000000197,000000000000000000000191,0000000000000000000000C8,0000000000000000000000C9,0000000000000000000000CA,0000000000000000000000CB,0000000000000000000000CC,000000000000000000000199,00000000000000000000019B,00000000000000000000019D,00000000000000000000019F,0000000000000000000001A1,0000000000000000000001A3,0000000000000000000001A5,0000000000000000000001A7,0000000000000000000001AB,0000000000000000000001AD,0000000000000000000001AF,0000000000000000000001B1,0000000000000000000001B3,0000000000000000000001B5,0000000000000000000001B7,0000000000000000000001B9,0000000000000000000001BB,0000000000000000000001BD,000000000000000000000401,000000000000000000000403,000000000000000000000405,000000000000000000000407,000000000000000000000409,00000000000000000000040B,00000000000000000000040D,00000000000000000000040F,000000000000000000000411,000000000000000000000421,000000000000000000000423,000000000000000000000425,000000000000000000000427,000000000000000000000429,00000000000000000000042B,00000000000000000000042D,00000000000000000000042F,000000000000000000000431,000000000000000000000433,000000000000000000000435,000000000000000000000437,000000000000000000000439,00000000000000000000043B,00000000000000000000043D,00000000000000000000043F,000000000000000000000441,000000000000000000000443,000000000000000000000445,000000000000000000000447,000000000000000000000449,00000000000000000000044B,00000000000000000000044D,00000000000000000000044F,000000000000000000000451,000000000000000000000453,000000000000000000000455,000000000000000000000457,000000000000000000000459,00000000000000000000045B,00000000000000000000045D,000000000000000000000469,00000000000000000000046B,000000000000000000000471,000000000000000000000475,000000000000000000000477,000000000000000000000479,00000000000000000000047B,00000000000000000000047D,000000000000000000000481,000000000000000000000483,000000000000000000000485,000000000000000000000487,00000000000000000000048B,00000000000000000000048D,00000000000000000000048F,000000000000000000000493,000000000000000000000497,000000000000000000000499,00000000000000000000049B,00000000000000000000049F); runOnlyForDeploymentPostprocessing = 0; };
000000000000000000000007 = {isa = PBXFrameworksBuildPhase; buildActionMask = 2147483647; files = (); runOnlyForDeploymentPostprocessing = 0; };
000000000000000000000008 = {isa = PBXResourcesBuildPhase; buildActionMask = 2147483647; files = (00000000000000000000001F,000000000000000000000467); runOnlyForDeploymentPostprocessing = 0; };
00000000000000000000001E = {isa = PBXFileReference; lastKnownFileType = folder.assetcatalog; path = MaestroFelix/Resources/Assets.xcassets; sourceTree = SOURCE_ROOT; };
00000000000000000000001F = {isa = PBXBuildFile; fileRef = 00000000000000000000001E; };
00000000000000000000000A = {isa = XCConfigurationList; buildConfigurations = (00000000000000000000000C,00000000000000000000000D); defaultConfigurationIsVisible = 0; defaultConfigurationName = Release; };
00000000000000000000000B = {isa = XCConfigurationList; buildConfigurations = (00000000000000000000000E,00000000000000000000000F); defaultConfigurationIsVisible = 0; defaultConfigurationName = Release; };
00000000000000000000000C = {isa = XCBuildConfiguration; buildSettings = {ENABLE_TESTABILITY = YES; IPHONEOS_DEPLOYMENT_TARGET = 18.6; SDKROOT = iphoneos; TARGETED_DEVICE_FAMILY = 1; SWIFT_VERSION = 5.0; CLANG_ENABLE_MODULES = YES; DEBUG_INFORMATION_FORMAT = dwarf; SWIFT_OPTIMIZATION_LEVEL = "-Onone"; SWIFT_ACTIVE_COMPILATION_CONDITIONS = DEBUG; }; name = Debug; };
00000000000000000000000D = {isa = XCBuildConfiguration; buildSettings = {IPHONEOS_DEPLOYMENT_TARGET = 18.6; SDKROOT = iphoneos; TARGETED_DEVICE_FAMILY = 1; SWIFT_VERSION = 5.0; CLANG_ENABLE_MODULES = YES; DEBUG_INFORMATION_FORMAT = "dwarf-with-dsym"; SWIFT_COMPILATION_MODE = wholemodule; }; name = Release; };
00000000000000000000000E = {isa = XCBuildConfiguration; buildSettings = {PRODUCT_BUNDLE_IDENTIFIER = com.maestrofelix.app; PRODUCT_NAME = "$(TARGET_NAME)"; GENERATE_INFOPLIST_FILE = YES; INFOPLIST_KEY_CFBundleDisplayName = "Maestro Felix"; INFOPLIST_KEY_LSApplicationCategoryType = "public.app-category.healthcare-fitness"; INFOPLIST_FILE = "MaestroFelix/Resources/Info.plist"; INFOPLIST_KEY_UIApplicationSceneManifest_Generation = YES; INFOPLIST_KEY_UISupportedInterfaceOrientations = UIInterfaceOrientationPortrait; MARKETING_VERSION = 0.1.0; CURRENT_PROJECT_VERSION = 1; CODE_SIGN_STYLE = Automatic; ASSETCATALOG_COMPILER_APPICON_NAME = AppIcon; ASSETCATALOG_COMPILER_GLOBAL_ACCENT_COLOR_NAME = AccentColor; SWIFT_EMIT_LOC_STRINGS = YES;}; name = Debug; };
00000000000000000000000F = {isa = XCBuildConfiguration; buildSettings = {PRODUCT_BUNDLE_IDENTIFIER = com.maestrofelix.app; PRODUCT_NAME = "$(TARGET_NAME)"; GENERATE_INFOPLIST_FILE = YES; INFOPLIST_KEY_CFBundleDisplayName = "Maestro Felix"; INFOPLIST_KEY_LSApplicationCategoryType = "public.app-category.healthcare-fitness"; INFOPLIST_FILE = "MaestroFelix/Resources/Info.plist"; INFOPLIST_KEY_UIApplicationSceneManifest_Generation = YES; INFOPLIST_KEY_UISupportedInterfaceOrientations = UIInterfaceOrientationPortrait; MARKETING_VERSION = 0.1.0; CURRENT_PROJECT_VERSION = 1; CODE_SIGN_STYLE = Automatic; ASSETCATALOG_COMPILER_APPICON_NAME = AppIcon; ASSETCATALOG_COMPILER_GLOBAL_ACCENT_COLOR_NAME = AccentColor; SWIFT_EMIT_LOC_STRINGS = YES;}; name = Release; };

}; rootObject = 000000000000000000000001; }
